PODS:
  - Alamofire (5.8.0)
  - Connectivity (6.1.1)
  - Kingfisher (7.9.1)
  - lottie-ios (4.3.3)

DEPENDENCIES:
  - Alamofire
  - Connectivity
  - Kingfisher
  - lottie-ios

SPEC REPOS:
  https://github.com/CocoaPods/Specs.git:
    - Alamofire
    - Connectivity
    - Kingfisher
    - lottie-ios

SPEC CHECKSUMS:
  Alamofire: 0e92e751b3e9e66d7982db43919d01f313b8eb91
  Connectivity: 8f70b8506f45632756348d40c6a46ae6f4732652
  Kingfisher: 1d14e9f59cbe19389f591c929000332bf70efd32
  lottie-ios: 25e7b2675dad5c3ddad369ac9baab03560c5bfdd

PODFILE CHECKSUM: 893996c4454e76e8756bd8c8a180ca4612fc9953

COCOAPODS: 1.13.0
