// !$*UTF8*$!
{
	archiveVersion = 1;
	classes = {
	};
	objectVersion = 56;
	objects = {

/* Begin PBXBuildFile section */
		45A095DA2ADFE48E00C297C9 /* AppDelegate.swift in Sources */ = {isa = PBXBuildFile; fileRef = 45A095D92ADFE48E00C297C9 /* AppDelegate.swift */; };
		45A095DC2ADFE48E00C297C9 /* SceneDelegate.swift in Sources */ = {isa = PBXBuildFile; fileRef = 45A095DB2ADFE48E00C297C9 /* SceneDelegate.swift */; };
		45A095DE2ADFE48E00C297C9 /* ViewController.swift in Sources */ = {isa = PBXBuildFile; fileRef = 45A095DD2ADFE48E00C297C9 /* ViewController.swift */; };
		45A095E12ADFE48E00C297C9 /* Main.storyboard in Resources */ = {isa = PBXBuildFile; fileRef = 45A095DF2ADFE48E00C297C9 /* Main.storyboard */; };
		45A095E42ADFE48E00C297C9 /* MagicaVogue.xcdatamodeld in Sources */ = {isa = PBXBuildFile; fileRef = 45A095E22ADFE48E00C297C9 /* MagicaVogue.xcdatamodeld */; };
		45A095E62ADFE48F00C297C9 /* Assets.xcassets in Resources */ = {isa = PBXBuildFile; fileRef = 45A095E52ADFE48F00C297C9 /* Assets.xcassets */; };
		45A095E92ADFE48F00C297C9 /* LaunchScreen.storyboard in Resources */ = {isa = PBXBuildFile; fileRef = 45A095E72ADFE48F00C297C9 /* LaunchScreen.storyboard */; };
		45A095F42ADFE49000C297C9 /* MagicaVogueTests.swift in Sources */ = {isa = PBXBuildFile; fileRef = 45A095F32ADFE49000C297C9 /* MagicaVogueTests.swift */; };
		45A095FE2ADFE49000C297C9 /* MagicaVogueUITests.swift in Sources */ = {isa = PBXBuildFile; fileRef = 45A095FD2ADFE49000C297C9 /* MagicaVogueUITests.swift */; };
		45A096002ADFE49000C297C9 /* MagicaVogueUITestsLaunchTests.swift in Sources */ = {isa = PBXBuildFile; fileRef = 45A095FF2ADFE49000C297C9 /* MagicaVogueUITestsLaunchTests.swift */; };
		45E347112AE479FE00DD679B /* ShippingDetailsVC.swift in Sources */ = {isa = PBXBuildFile; fileRef = 45E3470F2AE479FD00DD679B /* ShippingDetailsVC.swift */; };
		45E347122AE479FE00DD679B /* ShippingDetailsVC.xib in Resources */ = {isa = PBXBuildFile; fileRef = 45E347102AE479FD00DD679B /* ShippingDetailsVC.xib */; };
		45E347152AE47D5A00DD679B /* Inspectables.swift in Sources */ = {isa = PBXBuildFile; fileRef = 45E347142AE47D5A00DD679B /* Inspectables.swift */; };
		45EADB932AE2845600943BE7 /* CopounsViewController.swift in Sources */ = {isa = PBXBuildFile; fileRef = 45EADB912AE2845600943BE7 /* CopounsViewController.swift */; };
		45EADB942AE2845600943BE7 /* CopounsViewController.xib in Resources */ = {isa = PBXBuildFile; fileRef = 45EADB922AE2845600943BE7 /* CopounsViewController.xib */; };
		45ECE7AD2AE2F3B800488682 /* PaymentViewController.swift in Sources */ = {isa = PBXBuildFile; fileRef = 45ECE7AB2AE2F3B800488682 /* PaymentViewController.swift */; };
		45ECE7AE2AE2F3B800488682 /* PaymentViewController.xib in Resources */ = {isa = PBXBuildFile; fileRef = 45ECE7AC2AE2F3B800488682 /* PaymentViewController.xib */; };
		45ECE7B22AE2F3EE00488682 /* PaymentCell.swift in Sources */ = {isa = PBXBuildFile; fileRef = 45ECE7B02AE2F3EE00488682 /* PaymentCell.swift */; };
		45ECE7B32AE2F3EE00488682 /* PaymentCell.xib in Resources */ = {isa = PBXBuildFile; fileRef = 45ECE7B12AE2F3EE00488682 /* PaymentCell.xib */; };
		45ECE7B72AE3058D00488682 /* SuccessViewController.swift in Sources */ = {isa = PBXBuildFile; fileRef = 45ECE7B52AE3058D00488682 /* SuccessViewController.swift */; };
		45ECE7B82AE3058D00488682 /* SuccessViewController.xib in Resources */ = {isa = PBXBuildFile; fileRef = 45ECE7B62AE3058D00488682 /* SuccessViewController.xib */; };
		45F8D3B12AE4F86000F950DE /* PromoCodeCell.swift in Sources */ = {isa = PBXBuildFile; fileRef = 45F8D3AF2AE4F86000F950DE /* PromoCodeCell.swift */; };
		45F8D3B22AE4F86000F950DE /* PromoCodeCell.xib in Resources */ = {isa = PBXBuildFile; fileRef = 45F8D3B02AE4F86000F950DE /* PromoCodeCell.xib */; };
		5906E0C52AE3C44E003A456C /* WishListViewController.swift in Sources */ = {isa = PBXBuildFile; fileRef = 5906E0C32AE3C44E003A456C /* WishListViewController.swift */; };
		5906E0C62AE3C44E003A456C /* WishListViewController.xib in Resources */ = {isa = PBXBuildFile; fileRef = 5906E0C42AE3C44E003A456C /* WishListViewController.xib */; };
		5947D92E2AE008EC0005E94C /* HomeViewController.swift in Sources */ = {isa = PBXBuildFile; fileRef = 5947D92C2AE008EC0005E94C /* HomeViewController.swift */; };
		5947D92F2AE008EC0005E94C /* HomeViewController.xib in Resources */ = {isa = PBXBuildFile; fileRef = 5947D92D2AE008EC0005E94C /* HomeViewController.xib */; };
		5947D9312AE016C70005E94C /* HomeViewModel.swift in Sources */ = {isa = PBXBuildFile; fileRef = 5947D9302AE016C70005E94C /* HomeViewModel.swift */; };
		5947D9332AE016E00005E94C /* View.swift in Sources */ = {isa = PBXBuildFile; fileRef = 5947D9322AE016E00005E94C /* View.swift */; };
		5947D93B2AE0177C0005E94C /* CouponCell.swift in Sources */ = {isa = PBXBuildFile; fileRef = 5947D9392AE0177C0005E94C /* CouponCell.swift */; };
		5947D93C2AE0177C0005E94C /* CouponCell.xib in Resources */ = {isa = PBXBuildFile; fileRef = 5947D93A2AE0177C0005E94C /* CouponCell.xib */; };
		5947D9402AE01DC60005E94C /* BrandCell.swift in Sources */ = {isa = PBXBuildFile; fileRef = 5947D93E2AE01DC60005E94C /* BrandCell.swift */; };
		5947D9412AE01DC60005E94C /* BrandCell.xib in Resources */ = {isa = PBXBuildFile; fileRef = 5947D93F2AE01DC60005E94C /* BrandCell.xib */; };
		5947D9442AE036BE0005E94C /* UIView + dropShadow.swift in Sources */ = {isa = PBXBuildFile; fileRef = 5947D9432AE036BE0005E94C /* UIView + dropShadow.swift */; };
		59AF4EE72AE11DC900B4B8EE /* ItemCell.swift in Sources */ = {isa = PBXBuildFile; fileRef = 59AF4EE52AE11DC900B4B8EE /* ItemCell.swift */; };
		59AF4EE82AE11DC900B4B8EE /* ItemCell.xib in Resources */ = {isa = PBXBuildFile; fileRef = 59AF4EE62AE11DC900B4B8EE /* ItemCell.xib */; };
		59AF4EEB2AE1212700B4B8EE /* MainCategoryCell.swift in Sources */ = {isa = PBXBuildFile; fileRef = 59AF4EE92AE1212700B4B8EE /* MainCategoryCell.swift */; };
		59AF4EEC2AE1212700B4B8EE /* MainCategoryCell.xib in Resources */ = {isa = PBXBuildFile; fileRef = 59AF4EEA2AE1212700B4B8EE /* MainCategoryCell.xib */; };
		59AF4EEF2AE122C100B4B8EE /* SubCategoryCell.swift in Sources */ = {isa = PBXBuildFile; fileRef = 59AF4EED2AE122C100B4B8EE /* SubCategoryCell.swift */; };
		59AF4EF02AE122C100B4B8EE /* SubCategoryCell.xib in Resources */ = {isa = PBXBuildFile; fileRef = 59AF4EEE2AE122C100B4B8EE /* SubCategoryCell.xib */; };
		59AF4EF32AE12D9400B4B8EE /* BrandViewController.swift in Sources */ = {isa = PBXBuildFile; fileRef = 59AF4EF12AE12D9400B4B8EE /* BrandViewController.swift */; };
		59AF4EF42AE12D9400B4B8EE /* BrandViewController.xib in Resources */ = {isa = PBXBuildFile; fileRef = 59AF4EF22AE12D9400B4B8EE /* BrandViewController.xib */; };
		59AF4EF62AE18A8100B4B8EE /* File.swift in Sources */ = {isa = PBXBuildFile; fileRef = 59AF4EF52AE18A8100B4B8EE /* File.swift */; };
		59AF4EF92AE19E6300B4B8EE /* SectionHeaderCollectionReusableView.swift in Sources */ = {isa = PBXBuildFile; fileRef = 59AF4EF82AE19E6300B4B8EE /* SectionHeaderCollectionReusableView.swift */; };
		59BAF3682AE2F35B00772630 /* OrderViewController.swift in Sources */ = {isa = PBXBuildFile; fileRef = 59BAF3662AE2F35B00772630 /* OrderViewController.swift */; };
		59BAF3692AE2F35B00772630 /* OrderViewController.xib in Resources */ = {isa = PBXBuildFile; fileRef = 59BAF3672AE2F35B00772630 /* OrderViewController.xib */; };
		59BAF36C2AE30BE000772630 /* TabBarController.swift in Sources */ = {isa = PBXBuildFile; fileRef = 59BAF36B2AE30BE000772630 /* TabBarController.swift */; };
		59BAF3722AE3130B00772630 /* CategoryViewController.swift in Sources */ = {isa = PBXBuildFile; fileRef = 59BAF3702AE3130B00772630 /* CategoryViewController.swift */; };
		59BAF3732AE3130B00772630 /* CategoryViewController.xib in Resources */ = {isa = PBXBuildFile; fileRef = 59BAF3712AE3130B00772630 /* CategoryViewController.xib */; };
		59F4E7AC2AE2CACE002A5BFF /* NewAddressCell.xib in Resources */ = {isa = PBXBuildFile; fileRef = 59F4E79E2AE2CACE002A5BFF /* NewAddressCell.xib */; };
		59F4E7AD2AE2CACE002A5BFF /* NewAddressCell.swift in Sources */ = {isa = PBXBuildFile; fileRef = 59F4E79F2AE2CACE002A5BFF /* NewAddressCell.swift */; };
		59F4E7AE2AE2CACE002A5BFF /* MyAddressesCell.swift in Sources */ = {isa = PBXBuildFile; fileRef = 59F4E7A12AE2CACE002A5BFF /* MyAddressesCell.swift */; };
		59F4E7AF2AE2CACE002A5BFF /* MyAddressesCell.xib in Resources */ = {isa = PBXBuildFile; fileRef = 59F4E7A22AE2CACE002A5BFF /* MyAddressesCell.xib */; };
		59F4E7B02AE2CACE002A5BFF /* MyAddressesVC.swift in Sources */ = {isa = PBXBuildFile; fileRef = 59F4E7A52AE2CACE002A5BFF /* MyAddressesVC.swift */; };
		59F4E7B12AE2CACE002A5BFF /* MyAddressesVC.xib in Resources */ = {isa = PBXBuildFile; fileRef = 59F4E7A62AE2CACE002A5BFF /* MyAddressesVC.xib */; };
		59F4E7B22AE2CACE002A5BFF /* CheckoutVC.xib in Resources */ = {isa = PBXBuildFile; fileRef = 59F4E7A82AE2CACE002A5BFF /* CheckoutVC.xib */; };
		59F4E7B32AE2CACE002A5BFF /* CheckoutVC.swift in Sources */ = {isa = PBXBuildFile; fileRef = 59F4E7A92AE2CACE002A5BFF /* CheckoutVC.swift */; };
		59F4E7B42AE2CACE002A5BFF /* CheckoutvViewController.xib in Resources */ = {isa = PBXBuildFile; fileRef = 59F4E7AB2AE2CACE002A5BFF /* CheckoutvViewController.xib */; };
		59F4E7BE2AE2CAE0002A5BFF /* CartCell.xib in Resources */ = {isa = PBXBuildFile; fileRef = 59F4E7B72AE2CAE0002A5BFF /* CartCell.xib */; };
		59F4E7BF2AE2CAE0002A5BFF /* CartCell.swift in Sources */ = {isa = PBXBuildFile; fileRef = 59F4E7B82AE2CAE0002A5BFF /* CartCell.swift */; };
		59F4E7C02AE2CAE0002A5BFF /* CartModel.swift in Sources */ = {isa = PBXBuildFile; fileRef = 59F4E7BA2AE2CAE0002A5BFF /* CartModel.swift */; };
		59F4E7C12AE2CAE0002A5BFF /* CartViewController.swift in Sources */ = {isa = PBXBuildFile; fileRef = 59F4E7BC2AE2CAE0002A5BFF /* CartViewController.swift */; };
		59F4E7C22AE2CAE0002A5BFF /* CartViewController.xib in Resources */ = {isa = PBXBuildFile; fileRef = 59F4E7BD2AE2CAE0002A5BFF /* CartViewController.xib */; };
		84B82390EBD83582F4AAFE61 /* Pods_MagicaVogueTests.framework in Frameworks */ = {isa = PBXBuildFile; fileRef = A9E38E074908A5C800E97A3F /* Pods_MagicaVogueTests.framework */; };
		B68F16CFA756CAA94E5BBCF5 /* Pods_MagicaVogue.framework in Frameworks */ = {isa = PBXBuildFile; fileRef = F0DD317D9C3B25ACBF11AE94 /* Pods_MagicaVogue.framework */; };
		E7D64EB87DA477CD5E193BEF /* Pods_MagicaVogue_MagicaVogueUITests.framework in Frameworks */ = {isa = PBXBuildFile; fileRef = 839BA19F4F800ABBCCA9A9D7 /* Pods_MagicaVogue_MagicaVogueUITests.framework */; };
		EEB023452AE1A11D0069F998 /* PasswordManagerViewController.swift in Sources */ = {isa = PBXBuildFile; fileRef = EEB023432AE1A11D0069F998 /* PasswordManagerViewController.swift */; };
		EEB023462AE1A11D0069F998 /* PasswordManagerViewController.xib in Resources */ = {isa = PBXBuildFile; fileRef = EEB023442AE1A11D0069F998 /* PasswordManagerViewController.xib */; };
		EEC3F7382AE05089004D22C1 /* ProductDetailsViewController.swift in Sources */ = {isa = PBXBuildFile; fileRef = EEC3F7362AE05089004D22C1 /* ProductDetailsViewController.swift */; };
		EEC3F7392AE05089004D22C1 /* ProductDetailsViewController.xib in Resources */ = {isa = PBXBuildFile; fileRef = EEC3F7372AE05089004D22C1 /* ProductDetailsViewController.xib */; };
		EEDE61E82AE11F19006565A5 /* ProductImageCell.swift in Sources */ = {isa = PBXBuildFile; fileRef = EEDE61E62AE11F19006565A5 /* ProductImageCell.swift */; };
		EEDE61E92AE11F19006565A5 /* ProductImageCell.xib in Resources */ = {isa = PBXBuildFile; fileRef = EEDE61E72AE11F19006565A5 /* ProductImageCell.xib */; };
		EEE356802AE00C0B000B8742 /* SignupViewController.swift in Sources */ = {isa = PBXBuildFile; fileRef = EEE3567E2AE00C0B000B8742 /* SignupViewController.swift */; };
		EEE356812AE00C0B000B8742 /* SignupViewController.xib in Resources */ = {isa = PBXBuildFile; fileRef = EEE3567F2AE00C0B000B8742 /* SignupViewController.xib */; };
		EEE356872AE01E8C000B8742 /* LoginViewController.swift in Sources */ = {isa = PBXBuildFile; fileRef = EEE356852AE01E8C000B8742 /* LoginViewController.swift */; };
		EEE356882AE01E8C000B8742 /* LoginViewController.xib in Resources */ = {isa = PBXBuildFile; fileRef = EEE356862AE01E8C000B8742 /* LoginViewController.xib */; };
		EEE3A0B72AE157BA009956BC /* ProfileViewController.swift in Sources */ = {isa = PBXBuildFile; fileRef = EEE3A0B52AE157BA009956BC /* ProfileViewController.swift */; };
		EEE3A0B82AE157BA009956BC /* ProfileViewController.xib in Resources */ = {isa = PBXBuildFile; fileRef = EEE3A0B62AE157BA009956BC /* ProfileViewController.xib */; };
		EEE3A0BB2AE16593009956BC /* ProfileCell.swift in Sources */ = {isa = PBXBuildFile; fileRef = EEE3A0B92AE16593009956BC /* ProfileCell.swift */; };
		EEE3A0BC2AE16593009956BC /* ProfileCell.xib in Resources */ = {isa = PBXBuildFile; fileRef = EEE3A0BA2AE16593009956BC /* ProfileCell.xib */; };
		EEE3A0C12AE177B9009956BC /* SettingsTableViewController.swift in Sources */ = {isa = PBXBuildFile; fileRef = EEE3A0BF2AE177B9009956BC /* SettingsTableViewController.swift */; };
		EEE3A0C22AE177B9009956BC /* SettingsTableViewController.xib in Resources */ = {isa = PBXBuildFile; fileRef = EEE3A0C02AE177B9009956BC /* SettingsTableViewController.xib */; };
/* End PBXBuildFile section */

/* Begin PBXContainerItemProxy section */
		45A095F02ADFE49000C297C9 /* PBXContainerItemProxy */ = {
			isa = PBXContainerItemProxy;
			containerPortal = 45A095CE2ADFE48D00C297C9 /* Project object */;
			proxyType = 1;
			remoteGlobalIDString = 45A095D52ADFE48E00C297C9;
			remoteInfo = MagicaVogue;
		};
		45A095FA2ADFE49000C297C9 /* PBXContainerItemProxy */ = {
			isa = PBXContainerItemProxy;
			containerPortal = 45A095CE2ADFE48D00C297C9 /* Project object */;
			proxyType = 1;
			remoteGlobalIDString = 45A095D52ADFE48E00C297C9;
			remoteInfo = MagicaVogue;
		};
/* End PBXContainerItemProxy section */

/* Begin PBXFileReference section */
		1320A6FDB84575D6D657B06E /* Pods-MagicaVogue.release.xcconfig */ = {isa = PBXFileReference; includeInIndex = 1; lastKnownFileType = text.xcconfig; name = "Pods-MagicaVogue.release.xcconfig"; path = "Target Support Files/Pods-MagicaVogue/Pods-MagicaVogue.release.xcconfig"; sourceTree = "<group>"; };
		45A095D62ADFE48E00C297C9 /* MagicaVogue.app */ = {isa = PBXFileReference; explicitFileType = wrapper.application; includeInIndex = 0; path = MagicaVogue.app; sourceTree = BUILT_PRODUCTS_DIR; };
		45A095D92ADFE48E00C297C9 /* AppDelegate.swift */ = {isa = PBXFileReference; lastKnownFileType = sourcecode.swift; path = AppDelegate.swift; sourceTree = "<group>"; };
		45A095DB2ADFE48E00C297C9 /* SceneDelegate.swift */ = {isa = PBXFileReference; lastKnownFileType = sourcecode.swift; path = SceneDelegate.swift; sourceTree = "<group>"; };
		45A095DD2ADFE48E00C297C9 /* ViewController.swift */ = {isa = PBXFileReference; lastKnownFileType = sourcecode.swift; path = ViewController.swift; sourceTree = "<group>"; };
		45A095E02ADFE48E00C297C9 /* Base */ = {isa = PBXFileReference; lastKnownFileType = file.storyboard; name = Base; path = Base.lproj/Main.storyboard; sourceTree = "<group>"; };
		45A095E32ADFE48E00C297C9 /* MagicaVogue.xcdatamodel */ = {isa = PBXFileReference; lastKnownFileType = wrapper.xcdatamodel; path = MagicaVogue.xcdatamodel; sourceTree = "<group>"; };
		45A095E52ADFE48F00C297C9 /* Assets.xcassets */ = {isa = PBXFileReference; lastKnownFileType = folder.assetcatalog; path = Assets.xcassets; sourceTree = "<group>"; };
		45A095E82ADFE48F00C297C9 /* Base */ = {isa = PBXFileReference; lastKnownFileType = file.storyboard; name = Base; path = Base.lproj/LaunchScreen.storyboard; sourceTree = "<group>"; };
		45A095EA2ADFE48F00C297C9 /* Info.plist */ = {isa = PBXFileReference; lastKnownFileType = text.plist.xml; path = Info.plist; sourceTree = "<group>"; };
		45A095EF2ADFE49000C297C9 /* MagicaVogueTests.xctest */ = {isa = PBXFileReference; explicitFileType = wrapper.cfbundle; includeInIndex = 0; path = MagicaVogueTests.xctest; sourceTree = BUILT_PRODUCTS_DIR; };
		45A095F32ADFE49000C297C9 /* MagicaVogueTests.swift */ = {isa = PBXFileReference; lastKnownFileType = sourcecode.swift; path = MagicaVogueTests.swift; sourceTree = "<group>"; };
		45A095F92ADFE49000C297C9 /* MagicaVogueUITests.xctest */ = {isa = PBXFileReference; explicitFileType = wrapper.cfbundle; includeInIndex = 0; path = MagicaVogueUITests.xctest; sourceTree = BUILT_PRODUCTS_DIR; };
		45A095FD2ADFE49000C297C9 /* MagicaVogueUITests.swift */ = {isa = PBXFileReference; lastKnownFileType = sourcecode.swift; path = MagicaVogueUITests.swift; sourceTree = "<group>"; };
		45A095FF2ADFE49000C297C9 /* MagicaVogueUITestsLaunchTests.swift */ = {isa = PBXFileReference; lastKnownFileType = sourcecode.swift; path = MagicaVogueUITestsLaunchTests.swift; sourceTree = "<group>"; };
		45E3470F2AE479FD00DD679B /* ShippingDetailsVC.swift */ = {isa = PBXFileReference; lastKnownFileType = sourcecode.swift; path = ShippingDetailsVC.swift; sourceTree = "<group>"; };
		45E347102AE479FD00DD679B /* ShippingDetailsVC.xib */ = {isa = PBXFileReference; lastKnownFileType = file.xib; path = ShippingDetailsVC.xib; sourceTree = "<group>"; };
		45E347142AE47D5A00DD679B /* Inspectables.swift */ = {isa = PBXFileReference; lastKnownFileType = sourcecode.swift; path = Inspectables.swift; sourceTree = "<group>"; };
		45EADB912AE2845600943BE7 /* CopounsViewController.swift */ = {isa = PBXFileReference; fileEncoding = 4; lastKnownFileType = sourcecode.swift; path = CopounsViewController.swift; sourceTree = "<group>"; };
		45EADB922AE2845600943BE7 /* CopounsViewController.xib */ = {isa = PBXFileReference; fileEncoding = 4; lastKnownFileType = file.xib; path = CopounsViewController.xib; sourceTree = "<group>"; };
		45ECE7AB2AE2F3B800488682 /* PaymentViewController.swift */ = {isa = PBXFileReference; lastKnownFileType = sourcecode.swift; path = PaymentViewController.swift; sourceTree = "<group>"; };
		45ECE7AC2AE2F3B800488682 /* PaymentViewController.xib */ = {isa = PBXFileReference; lastKnownFileType = file.xib; path = PaymentViewController.xib; sourceTree = "<group>"; };
		45ECE7B02AE2F3EE00488682 /* PaymentCell.swift */ = {isa = PBXFileReference; lastKnownFileType = sourcecode.swift; path = PaymentCell.swift; sourceTree = "<group>"; };
		45ECE7B12AE2F3EE00488682 /* PaymentCell.xib */ = {isa = PBXFileReference; lastKnownFileType = file.xib; path = PaymentCell.xib; sourceTree = "<group>"; };
		45ECE7B52AE3058D00488682 /* SuccessViewController.swift */ = {isa = PBXFileReference; lastKnownFileType = sourcecode.swift; path = SuccessViewController.swift; sourceTree = "<group>"; };
		45ECE7B62AE3058D00488682 /* SuccessViewController.xib */ = {isa = PBXFileReference; lastKnownFileType = file.xib; path = SuccessViewController.xib; sourceTree = "<group>"; };
		45F8D3AF2AE4F86000F950DE /* PromoCodeCell.swift */ = {isa = PBXFileReference; lastKnownFileType = sourcecode.swift; path = PromoCodeCell.swift; sourceTree = "<group>"; };
		45F8D3B02AE4F86000F950DE /* PromoCodeCell.xib */ = {isa = PBXFileReference; lastKnownFileType = file.xib; path = PromoCodeCell.xib; sourceTree = "<group>"; };
		4FD0D2781A9FDC6222418069 /* Pods-MagicaVogueTests.debug.xcconfig */ = {isa = PBXFileReference; includeInIndex = 1; lastKnownFileType = text.xcconfig; name = "Pods-MagicaVogueTests.debug.xcconfig"; path = "Target Support Files/Pods-MagicaVogueTests/Pods-MagicaVogueTests.debug.xcconfig"; sourceTree = "<group>"; };
		5906E0C32AE3C44E003A456C /* WishListViewController.swift */ = {isa = PBXFileReference; lastKnownFileType = sourcecode.swift; path = WishListViewController.swift; sourceTree = "<group>"; };
		5906E0C42AE3C44E003A456C /* WishListViewController.xib */ = {isa = PBXFileReference; lastKnownFileType = file.xib; path = WishListViewController.xib; sourceTree = "<group>"; };
		5947D92C2AE008EC0005E94C /* HomeViewController.swift */ = {isa = PBXFileReference; lastKnownFileType = sourcecode.swift; path = HomeViewController.swift; sourceTree = "<group>"; };
		5947D92D2AE008EC0005E94C /* HomeViewController.xib */ = {isa = PBXFileReference; lastKnownFileType = file.xib; path = HomeViewController.xib; sourceTree = "<group>"; };
		5947D9302AE016C70005E94C /* HomeViewModel.swift */ = {isa = PBXFileReference; lastKnownFileType = sourcecode.swift; path = HomeViewModel.swift; sourceTree = "<group>"; };
		5947D9322AE016E00005E94C /* View.swift */ = {isa = PBXFileReference; lastKnownFileType = sourcecode.swift; path = View.swift; sourceTree = "<group>"; };
		5947D9392AE0177C0005E94C /* CouponCell.swift */ = {isa = PBXFileReference; lastKnownFileType = sourcecode.swift; path = CouponCell.swift; sourceTree = "<group>"; };
		5947D93A2AE0177C0005E94C /* CouponCell.xib */ = {isa = PBXFileReference; lastKnownFileType = file.xib; path = CouponCell.xib; sourceTree = "<group>"; };
		5947D93E2AE01DC60005E94C /* BrandCell.swift */ = {isa = PBXFileReference; lastKnownFileType = sourcecode.swift; path = BrandCell.swift; sourceTree = "<group>"; };
		5947D93F2AE01DC60005E94C /* BrandCell.xib */ = {isa = PBXFileReference; lastKnownFileType = file.xib; path = BrandCell.xib; sourceTree = "<group>"; };
		5947D9432AE036BE0005E94C /* UIView + dropShadow.swift */ = {isa = PBXFileReference; lastKnownFileType = sourcecode.swift; path = "UIView + dropShadow.swift"; sourceTree = "<group>"; };
		59AF4EE52AE11DC900B4B8EE /* ItemCell.swift */ = {isa = PBXFileReference; lastKnownFileType = sourcecode.swift; path = ItemCell.swift; sourceTree = "<group>"; };
		59AF4EE62AE11DC900B4B8EE /* ItemCell.xib */ = {isa = PBXFileReference; lastKnownFileType = file.xib; path = ItemCell.xib; sourceTree = "<group>"; };
		59AF4EE92AE1212700B4B8EE /* MainCategoryCell.swift */ = {isa = PBXFileReference; lastKnownFileType = sourcecode.swift; path = MainCategoryCell.swift; sourceTree = "<group>"; };
		59AF4EEA2AE1212700B4B8EE /* MainCategoryCell.xib */ = {isa = PBXFileReference; lastKnownFileType = file.xib; path = MainCategoryCell.xib; sourceTree = "<group>"; };
		59AF4EED2AE122C100B4B8EE /* SubCategoryCell.swift */ = {isa = PBXFileReference; lastKnownFileType = sourcecode.swift; path = SubCategoryCell.swift; sourceTree = "<group>"; };
		59AF4EEE2AE122C100B4B8EE /* SubCategoryCell.xib */ = {isa = PBXFileReference; lastKnownFileType = file.xib; path = SubCategoryCell.xib; sourceTree = "<group>"; };
		59AF4EF12AE12D9400B4B8EE /* BrandViewController.swift */ = {isa = PBXFileReference; lastKnownFileType = sourcecode.swift; path = BrandViewController.swift; sourceTree = "<group>"; };
		59AF4EF22AE12D9400B4B8EE /* BrandViewController.xib */ = {isa = PBXFileReference; lastKnownFileType = file.xib; path = BrandViewController.xib; sourceTree = "<group>"; };
		59AF4EF52AE18A8100B4B8EE /* File.swift */ = {isa = PBXFileReference; lastKnownFileType = sourcecode.swift; path = File.swift; sourceTree = "<group>"; };
		59AF4EF82AE19E6300B4B8EE /* SectionHeaderCollectionReusableView.swift */ = {isa = PBXFileReference; lastKnownFileType = sourcecode.swift; path = SectionHeaderCollectionReusableView.swift; sourceTree = "<group>"; };
		59BAF3662AE2F35B00772630 /* OrderViewController.swift */ = {isa = PBXFileReference; lastKnownFileType = sourcecode.swift; path = OrderViewController.swift; sourceTree = "<group>"; };
		59BAF3672AE2F35B00772630 /* OrderViewController.xib */ = {isa = PBXFileReference; lastKnownFileType = file.xib; path = OrderViewController.xib; sourceTree = "<group>"; };
		59BAF36B2AE30BE000772630 /* TabBarController.swift */ = {isa = PBXFileReference; lastKnownFileType = sourcecode.swift; path = TabBarController.swift; sourceTree = "<group>"; };
		59BAF3702AE3130B00772630 /* CategoryViewController.swift */ = {isa = PBXFileReference; lastKnownFileType = sourcecode.swift; path = CategoryViewController.swift; sourceTree = "<group>"; };
		59BAF3712AE3130B00772630 /* CategoryViewController.xib */ = {isa = PBXFileReference; lastKnownFileType = file.xib; path = CategoryViewController.xib; sourceTree = "<group>"; };
		59F4E79E2AE2CACE002A5BFF /* NewAddressCell.xib */ = {isa = PBXFileReference; fileEncoding = 4; lastKnownFileType = file.xib; path = NewAddressCell.xib; sourceTree = "<group>"; };
		59F4E79F2AE2CACE002A5BFF /* NewAddressCell.swift */ = {isa = PBXFileReference; fileEncoding = 4; lastKnownFileType = sourcecode.swift; path = NewAddressCell.swift; sourceTree = "<group>"; };
		59F4E7A12AE2CACE002A5BFF /* MyAddressesCell.swift */ = {isa = PBXFileReference; fileEncoding = 4; lastKnownFileType = sourcecode.swift; path = MyAddressesCell.swift; sourceTree = "<group>"; };
		59F4E7A22AE2CACE002A5BFF /* MyAddressesCell.xib */ = {isa = PBXFileReference; fileEncoding = 4; lastKnownFileType = file.xib; path = MyAddressesCell.xib; sourceTree = "<group>"; };
		59F4E7A52AE2CACE002A5BFF /* MyAddressesVC.swift */ = {isa = PBXFileReference; fileEncoding = 4; lastKnownFileType = sourcecode.swift; path = MyAddressesVC.swift; sourceTree = "<group>"; };
		59F4E7A62AE2CACE002A5BFF /* MyAddressesVC.xib */ = {isa = PBXFileReference; fileEncoding = 4; lastKnownFileType = file.xib; path = MyAddressesVC.xib; sourceTree = "<group>"; };
		59F4E7A82AE2CACE002A5BFF /* CheckoutVC.xib */ = {isa = PBXFileReference; fileEncoding = 4; lastKnownFileType = file.xib; path = CheckoutVC.xib; sourceTree = "<group>"; };
		59F4E7A92AE2CACE002A5BFF /* CheckoutVC.swift */ = {isa = PBXFileReference; fileEncoding = 4; lastKnownFileType = sourcecode.swift; path = CheckoutVC.swift; sourceTree = "<group>"; };
		59F4E7AB2AE2CACE002A5BFF /* CheckoutvViewController.xib */ = {isa = PBXFileReference; fileEncoding = 4; lastKnownFileType = file.xib; path = CheckoutvViewController.xib; sourceTree = "<group>"; };
		59F4E7B72AE2CAE0002A5BFF /* CartCell.xib */ = {isa = PBXFileReference; fileEncoding = 4; lastKnownFileType = file.xib; path = CartCell.xib; sourceTree = "<group>"; };
		59F4E7B82AE2CAE0002A5BFF /* CartCell.swift */ = {isa = PBXFileReference; fileEncoding = 4; lastKnownFileType = sourcecode.swift; path = CartCell.swift; sourceTree = "<group>"; };
		59F4E7BA2AE2CAE0002A5BFF /* CartModel.swift */ = {isa = PBXFileReference; fileEncoding = 4; lastKnownFileType = sourcecode.swift; path = CartModel.swift; sourceTree = "<group>"; };
		59F4E7BC2AE2CAE0002A5BFF /* CartViewController.swift */ = {isa = PBXFileReference; fileEncoding = 4; lastKnownFileType = sourcecode.swift; path = CartViewController.swift; sourceTree = "<group>"; };
		59F4E7BD2AE2CAE0002A5BFF /* CartViewController.xib */ = {isa = PBXFileReference; fileEncoding = 4; lastKnownFileType = file.xib; path = CartViewController.xib; sourceTree = "<group>"; };
		839BA19F4F800ABBCCA9A9D7 /* Pods_MagicaVogue_MagicaVogueUITests.framework */ = {isa = PBXFileReference; explicitFileType = wrapper.framework; includeInIndex = 0; path = Pods_MagicaVogue_MagicaVogueUITests.framework; sourceTree = BUILT_PRODUCTS_DIR; };
		A9E38E074908A5C800E97A3F /* Pods_MagicaVogueTests.framework */ = {isa = PBXFileReference; explicitFileType = wrapper.framework; includeInIndex = 0; path = Pods_MagicaVogueTests.framework; sourceTree = BUILT_PRODUCTS_DIR; };
		DB4A4C6D8D0B902926941E81 /* Pods-MagicaVogue-MagicaVogueUITests.release.xcconfig */ = {isa = PBXFileReference; includeInIndex = 1; lastKnownFileType = text.xcconfig; name = "Pods-MagicaVogue-MagicaVogueUITests.release.xcconfig"; path = "Target Support Files/Pods-MagicaVogue-MagicaVogueUITests/Pods-MagicaVogue-MagicaVogueUITests.release.xcconfig"; sourceTree = "<group>"; };
		EAB96E910AF4444E5DAF56AB /* Pods-MagicaVogue.debug.xcconfig */ = {isa = PBXFileReference; includeInIndex = 1; lastKnownFileType = text.xcconfig; name = "Pods-MagicaVogue.debug.xcconfig"; path = "Target Support Files/Pods-MagicaVogue/Pods-MagicaVogue.debug.xcconfig"; sourceTree = "<group>"; };
		EEB023432AE1A11D0069F998 /* PasswordManagerViewController.swift */ = {isa = PBXFileReference; lastKnownFileType = sourcecode.swift; path = PasswordManagerViewController.swift; sourceTree = "<group>"; };
		EEB023442AE1A11D0069F998 /* PasswordManagerViewController.xib */ = {isa = PBXFileReference; lastKnownFileType = file.xib; path = PasswordManagerViewController.xib; sourceTree = "<group>"; };
		EEC3F7362AE05089004D22C1 /* ProductDetailsViewController.swift */ = {isa = PBXFileReference; lastKnownFileType = sourcecode.swift; path = ProductDetailsViewController.swift; sourceTree = "<group>"; };
		EEC3F7372AE05089004D22C1 /* ProductDetailsViewController.xib */ = {isa = PBXFileReference; lastKnownFileType = file.xib; path = ProductDetailsViewController.xib; sourceTree = "<group>"; };
		EEDE61E62AE11F19006565A5 /* ProductImageCell.swift */ = {isa = PBXFileReference; lastKnownFileType = sourcecode.swift; path = ProductImageCell.swift; sourceTree = "<group>"; };
		EEDE61E72AE11F19006565A5 /* ProductImageCell.xib */ = {isa = PBXFileReference; lastKnownFileType = file.xib; path = ProductImageCell.xib; sourceTree = "<group>"; };
		EEE3567E2AE00C0B000B8742 /* SignupViewController.swift */ = {isa = PBXFileReference; lastKnownFileType = sourcecode.swift; path = SignupViewController.swift; sourceTree = "<group>"; };
		EEE3567F2AE00C0B000B8742 /* SignupViewController.xib */ = {isa = PBXFileReference; lastKnownFileType = file.xib; path = SignupViewController.xib; sourceTree = "<group>"; };
		EEE356852AE01E8C000B8742 /* LoginViewController.swift */ = {isa = PBXFileReference; lastKnownFileType = sourcecode.swift; path = LoginViewController.swift; sourceTree = "<group>"; };
		EEE356862AE01E8C000B8742 /* LoginViewController.xib */ = {isa = PBXFileReference; lastKnownFileType = file.xib; path = LoginViewController.xib; sourceTree = "<group>"; };
		EEE3A0B52AE157BA009956BC /* ProfileViewController.swift */ = {isa = PBXFileReference; lastKnownFileType = sourcecode.swift; path = ProfileViewController.swift; sourceTree = "<group>"; };
		EEE3A0B62AE157BA009956BC /* ProfileViewController.xib */ = {isa = PBXFileReference; lastKnownFileType = file.xib; path = ProfileViewController.xib; sourceTree = "<group>"; };
		EEE3A0B92AE16593009956BC /* ProfileCell.swift */ = {isa = PBXFileReference; lastKnownFileType = sourcecode.swift; path = ProfileCell.swift; sourceTree = "<group>"; };
		EEE3A0BA2AE16593009956BC /* ProfileCell.xib */ = {isa = PBXFileReference; lastKnownFileType = file.xib; path = ProfileCell.xib; sourceTree = "<group>"; };
		EEE3A0BF2AE177B9009956BC /* SettingsTableViewController.swift */ = {isa = PBXFileReference; lastKnownFileType = sourcecode.swift; path = SettingsTableViewController.swift; sourceTree = "<group>"; };
		EEE3A0C02AE177B9009956BC /* SettingsTableViewController.xib */ = {isa = PBXFileReference; lastKnownFileType = file.xib; path = SettingsTableViewController.xib; sourceTree = "<group>"; };
		EF196F829F4B10F9706A68C6 /* Pods-MagicaVogueTests.release.xcconfig */ = {isa = PBXFileReference; includeInIndex = 1; lastKnownFileType = text.xcconfig; name = "Pods-MagicaVogueTests.release.xcconfig"; path = "Target Support Files/Pods-MagicaVogueTests/Pods-MagicaVogueTests.release.xcconfig"; sourceTree = "<group>"; };
		F0DD317D9C3B25ACBF11AE94 /* Pods_MagicaVogue.framework */ = {isa = PBXFileReference; explicitFileType = wrapper.framework; includeInIndex = 0; path = Pods_MagicaVogue.framework; sourceTree = BUILT_PRODUCTS_DIR; };
		FBF2989A702E9014EC3F8B68 /* Pods-MagicaVogue-MagicaVogueUITests.debug.xcconfig */ = {isa = PBXFileReference; includeInIndex = 1; lastKnownFileType = text.xcconfig; name = "Pods-MagicaVogue-MagicaVogueUITests.debug.xcconfig"; path = "Target Support Files/Pods-MagicaVogue-MagicaVogueUITests/Pods-MagicaVogue-MagicaVogueUITests.debug.xcconfig"; sourceTree = "<group>"; };
/* End PBXFileReference section */

/* Begin PBXFrameworksBuildPhase section */
		45A095D32ADFE48E00C297C9 /* Frameworks */ = {
			isa = PBXFrameworksBuildPhase;
			buildActionMask = 2147483647;
			files = (
				B68F16CFA756CAA94E5BBCF5 /* Pods_MagicaVogue.framework in Frameworks */,
			);
			runOnlyForDeploymentPostprocessing = 0;
		};
		45A095EC2ADFE49000C297C9 /* Frameworks */ = {
			isa = PBXFrameworksBuildPhase;
			buildActionMask = 2147483647;
			files = (
				84B82390EBD83582F4AAFE61 /* Pods_MagicaVogueTests.framework in Frameworks */,
			);
			runOnlyForDeploymentPostprocessing = 0;
		};
		45A095F62ADFE49000C297C9 /* Frameworks */ = {
			isa = PBXFrameworksBuildPhase;
			buildActionMask = 2147483647;
			files = (
				E7D64EB87DA477CD5E193BEF /* Pods_MagicaVogue_MagicaVogueUITests.framework in Frameworks */,
			);
			runOnlyForDeploymentPostprocessing = 0;
		};
/* End PBXFrameworksBuildPhase section */

/* Begin PBXGroup section */
		07B4B0975573FE81DC5F67C8 /* Pods */ = {
			isa = PBXGroup;
			children = (
				EAB96E910AF4444E5DAF56AB /* Pods-MagicaVogue.debug.xcconfig */,
				1320A6FDB84575D6D657B06E /* Pods-MagicaVogue.release.xcconfig */,
				FBF2989A702E9014EC3F8B68 /* Pods-MagicaVogue-MagicaVogueUITests.debug.xcconfig */,
				DB4A4C6D8D0B902926941E81 /* Pods-MagicaVogue-MagicaVogueUITests.release.xcconfig */,
				4FD0D2781A9FDC6222418069 /* Pods-MagicaVogueTests.debug.xcconfig */,
				EF196F829F4B10F9706A68C6 /* Pods-MagicaVogueTests.release.xcconfig */,
			);
			path = Pods;
			sourceTree = "<group>";
		};
		45A095CD2ADFE48D00C297C9 = {
			isa = PBXGroup;
			children = (
				45A095D82ADFE48E00C297C9 /* MagicaVogue */,
				45A095F22ADFE49000C297C9 /* MagicaVogueTests */,
				45A095FC2ADFE49000C297C9 /* MagicaVogueUITests */,
				45A095D72ADFE48E00C297C9 /* Products */,
				07B4B0975573FE81DC5F67C8 /* Pods */,
				CFF90E282096CBA3171563AF /* Frameworks */,
			);
			sourceTree = "<group>";
		};
		45A095D72ADFE48E00C297C9 /* Products */ = {
			isa = PBXGroup;
			children = (
				45A095D62ADFE48E00C297C9 /* MagicaVogue.app */,
				45A095EF2ADFE49000C297C9 /* MagicaVogueTests.xctest */,
				45A095F92ADFE49000C297C9 /* MagicaVogueUITests.xctest */,
			);
			name = Products;
			sourceTree = "<group>";
		};
		45A095D82ADFE48E00C297C9 /* MagicaVogue */ = {
			isa = PBXGroup;
			children = (
				5959D6B52AE2E67D00582F0F /* ViewModel */,
				5959D6B42AE2E67500582F0F /* Model */,
				5959D6B32AE2E66300582F0F /* Assets */,
				5959D6B12AE2E62300582F0F /* SuppotingFiles */,
				5959D6B02AE2E60B00582F0F /* Module */,
				5904EED12AE2E79500800752 /* Additions */,
				5959D6B22AE2E65400582F0F /* View */,
				45A095EA2ADFE48F00C297C9 /* Info.plist */,
				45A095E22ADFE48E00C297C9 /* MagicaVogue.xcdatamodeld */,
			);
			path = MagicaVogue;
			sourceTree = "<group>";
		};
		45A095F22ADFE49000C297C9 /* MagicaVogueTests */ = {
			isa = PBXGroup;
			children = (
				45A095F32ADFE49000C297C9 /* MagicaVogueTests.swift */,
			);
			path = MagicaVogueTests;
			sourceTree = "<group>";
		};
		45A095FC2ADFE49000C297C9 /* MagicaVogueUITests */ = {
			isa = PBXGroup;
			children = (
				45A095FD2ADFE49000C297C9 /* MagicaVogueUITests.swift */,
				45A095FF2ADFE49000C297C9 /* MagicaVogueUITestsLaunchTests.swift */,
			);
			path = MagicaVogueUITests;
			sourceTree = "<group>";
		};
		45E3470E2AE479D200DD679B /* Shipping */ = {
			isa = PBXGroup;
			children = (
				45E3470F2AE479FD00DD679B /* ShippingDetailsVC.swift */,
				45E347102AE479FD00DD679B /* ShippingDetailsVC.xib */,
			);
			path = Shipping;
			sourceTree = "<group>";
		};
		45E347132AE47D3100DD679B /* Extensions */ = {
			isa = PBXGroup;
			children = (
				45E347142AE47D5A00DD679B /* Inspectables.swift */,
			);
			path = Extensions;
			sourceTree = "<group>";
		};
		45EADB8F2AE2845600943BE7 /* Copouns */ = {
			isa = PBXGroup;
			children = (
				45F8D3AE2AE4F83A00F950DE /* Components */,
				45EADB902AE2845600943BE7 /* View */,
			);
			path = Copouns;
			sourceTree = "<group>";
		};
		45EADB902AE2845600943BE7 /* View */ = {
			isa = PBXGroup;
			children = (
				45EADB912AE2845600943BE7 /* CopounsViewController.swift */,
				45EADB922AE2845600943BE7 /* CopounsViewController.xib */,
			);
			path = View;
			sourceTree = "<group>";
		};
		45ECE7A92AE2F26600488682 /* Pyment */ = {
			isa = PBXGroup;
			children = (
				45ECE7AF2AE2F3C900488682 /* Components */,
				45ECE7AA2AE2F39300488682 /* View */,
			);
			path = Pyment;
			sourceTree = "<group>";
		};
		45ECE7AA2AE2F39300488682 /* View */ = {
			isa = PBXGroup;
			children = (
				45ECE7B42AE3057400488682 /* Success */,
				45ECE7AB2AE2F3B800488682 /* PaymentViewController.swift */,
				45ECE7AC2AE2F3B800488682 /* PaymentViewController.xib */,
			);
			path = View;
			sourceTree = "<group>";
		};
		45ECE7AF2AE2F3C900488682 /* Components */ = {
			isa = PBXGroup;
			children = (
				45ECE7B02AE2F3EE00488682 /* PaymentCell.swift */,
				45ECE7B12AE2F3EE00488682 /* PaymentCell.xib */,
			);
			path = Components;
			sourceTree = "<group>";
		};
		45ECE7B42AE3057400488682 /* Success */ = {
			isa = PBXGroup;
			children = (
				45ECE7B52AE3058D00488682 /* SuccessViewController.swift */,
				45ECE7B62AE3058D00488682 /* SuccessViewController.xib */,
			);
			path = Success;
			sourceTree = "<group>";
		};
		45F8D3AE2AE4F83A00F950DE /* Components */ = {
			isa = PBXGroup;
			children = (
				45F8D3AF2AE4F86000F950DE /* PromoCodeCell.swift */,
				45F8D3B02AE4F86000F950DE /* PromoCodeCell.xib */,
			);
			path = Components;
			sourceTree = "<group>";
		};
		5904EED12AE2E79500800752 /* Additions */ = {
			isa = PBXGroup;
			children = (
				45A095DD2ADFE48E00C297C9 /* ViewController.swift */,
				45A095D92ADFE48E00C297C9 /* AppDelegate.swift */,
			);
			path = Additions;
			sourceTree = "<group>";
		};
		5906E0C12AE3C433003A456C /* WishList */ = {
			isa = PBXGroup;
			children = (
				5906E0C22AE3C43A003A456C /* View */,
			);
			path = WishList;
			sourceTree = "<group>";
		};
		5906E0C22AE3C43A003A456C /* View */ = {
			isa = PBXGroup;
			children = (
				5906E0C32AE3C44E003A456C /* WishListViewController.swift */,
				5906E0C42AE3C44E003A456C /* WishListViewController.xib */,
			);
			path = View;
			sourceTree = "<group>";
		};
		5947D9262AE008910005E94C /* Home */ = {
			isa = PBXGroup;
			children = (
				5947D9342AE016F90005E94C /* View */,
				5947D9302AE016C70005E94C /* HomeViewModel.swift */,
				5947D9322AE016E00005E94C /* View.swift */,
			);
			path = Home;
			sourceTree = "<group>";
		};
		5947D9342AE016F90005E94C /* View */ = {
			isa = PBXGroup;
			children = (
				5947D9362AE0172A0005E94C /* HomeCell */,
				5947D92C2AE008EC0005E94C /* HomeViewController.swift */,
				5947D92D2AE008EC0005E94C /* HomeViewController.xib */,
			);
			path = View;
			sourceTree = "<group>";
		};
		5947D9362AE0172A0005E94C /* HomeCell */ = {
			isa = PBXGroup;
			children = (
				5947D9382AE017400005E94C /* CouponCell */,
				5947D9372AE017370005E94C /* BrandCell */,
			);
			path = HomeCell;
			sourceTree = "<group>";
		};
		5947D9372AE017370005E94C /* BrandCell */ = {
			isa = PBXGroup;
			children = (
				5947D93E2AE01DC60005E94C /* BrandCell.swift */,
				5947D93F2AE01DC60005E94C /* BrandCell.xib */,
			);
			path = BrandCell;
			sourceTree = "<group>";
		};
		5947D9382AE017400005E94C /* CouponCell */ = {
			isa = PBXGroup;
			children = (
				5947D9392AE0177C0005E94C /* CouponCell.swift */,
				5947D93A2AE0177C0005E94C /* CouponCell.xib */,
			);
			path = CouponCell;
			sourceTree = "<group>";
		};
		5947D9422AE036970005E94C /* Extension */ = {
			isa = PBXGroup;
			children = (
				5947D9432AE036BE0005E94C /* UIView + dropShadow.swift */,
			);
			path = Extension;
			sourceTree = "<group>";
		};
		5959D6B02AE2E60B00582F0F /* Module */ = {
			isa = PBXGroup;
			children = (
				45E347132AE47D3100DD679B /* Extensions */,
				45E3470E2AE479D200DD679B /* Shipping */,
				5906E0C12AE3C433003A456C /* WishList */,
				45ECE7A92AE2F26600488682 /* Pyment */,
				59BAF36D2AE312CB00772630 /* Category */,
				59BAF36A2AE30BC500772630 /* TabBarController */,
				59BAF3642AE2F31B00772630 /* Order */,
				59F4E7B52AE2CAE0002A5BFF /* Cart */,
				59F4E79B2AE2CACE002A5BFF /* Address */,
				45EADB8F2AE2845600943BE7 /* Copouns */,
				EEB023412AE1A0DD0069F998 /* PasswordManager */,
				EEE3A0BD2AE17779009956BC /* Settings */,
				EEE3A0B32AE15768009956BC /* Profile */,
				EEC3F7342AE05062004D22C1 /* ProductDetails */,
				EEE356832AE01E5B000B8742 /* Login */,
				EEE3567D2AE00BB6000B8742 /* Signup */,
				59AF4EDF2AE11C0400B4B8EE /* Brands */,
				5947D9422AE036970005E94C /* Extension */,
				5947D9262AE008910005E94C /* Home */,
			);
			path = Module;
			sourceTree = "<group>";
		};
		5959D6B12AE2E62300582F0F /* SuppotingFiles */ = {
			isa = PBXGroup;
			children = (
				45A095DB2ADFE48E00C297C9 /* SceneDelegate.swift */,
			);
			path = SuppotingFiles;
			sourceTree = "<group>";
		};
		5959D6B22AE2E65400582F0F /* View */ = {
			isa = PBXGroup;
			children = (
				45A095DF2ADFE48E00C297C9 /* Main.storyboard */,
				45A095E72ADFE48F00C297C9 /* LaunchScreen.storyboard */,
			);
			path = View;
			sourceTree = "<group>";
		};
		5959D6B32AE2E66300582F0F /* Assets */ = {
			isa = PBXGroup;
			children = (
				45A095E52ADFE48F00C297C9 /* Assets.xcassets */,
			);
			path = Assets;
			sourceTree = "<group>";
		};
		5959D6B42AE2E67500582F0F /* Model */ = {
			isa = PBXGroup;
			children = (
			);
			path = Model;
			sourceTree = "<group>";
		};
		5959D6B52AE2E67D00582F0F /* ViewModel */ = {
			isa = PBXGroup;
			children = (
			);
			path = ViewModel;
			sourceTree = "<group>";
		};
		59AF4EDF2AE11C0400B4B8EE /* Brands */ = {
			isa = PBXGroup;
			children = (
				59AF4EE02AE11D7600B4B8EE /* View */,
			);
			path = Brands;
			sourceTree = "<group>";
		};
		59AF4EE02AE11D7600B4B8EE /* View */ = {
			isa = PBXGroup;
			children = (
				59AF4EE12AE11D7C00B4B8EE /* Cell */,
				59AF4EF12AE12D9400B4B8EE /* BrandViewController.swift */,
				59AF4EF22AE12D9400B4B8EE /* BrandViewController.xib */,
			);
			path = View;
			sourceTree = "<group>";
		};
		59AF4EE12AE11D7C00B4B8EE /* Cell */ = {
			isa = PBXGroup;
			children = (
				59AF4EF72AE19E1F00B4B8EE /* SectionHeader */,
				59AF4EE42AE11DAA00B4B8EE /* ItemCell */,
				59AF4EE32AE11D9100B4B8EE /* MainCategoryCell */,
				59AF4EE22AE11D8400B4B8EE /* SubCategoryCell */,
			);
			path = Cell;
			sourceTree = "<group>";
		};
		59AF4EE22AE11D8400B4B8EE /* SubCategoryCell */ = {
			isa = PBXGroup;
			children = (
				59AF4EED2AE122C100B4B8EE /* SubCategoryCell.swift */,
				59AF4EEE2AE122C100B4B8EE /* SubCategoryCell.xib */,
				59AF4EF52AE18A8100B4B8EE /* File.swift */,
			);
			path = SubCategoryCell;
			sourceTree = "<group>";
		};
		59AF4EE32AE11D9100B4B8EE /* MainCategoryCell */ = {
			isa = PBXGroup;
			children = (
				59AF4EE92AE1212700B4B8EE /* MainCategoryCell.swift */,
				59AF4EEA2AE1212700B4B8EE /* MainCategoryCell.xib */,
			);
			path = MainCategoryCell;
			sourceTree = "<group>";
		};
		59AF4EE42AE11DAA00B4B8EE /* ItemCell */ = {
			isa = PBXGroup;
			children = (
				59AF4EE52AE11DC900B4B8EE /* ItemCell.swift */,
				59AF4EE62AE11DC900B4B8EE /* ItemCell.xib */,
			);
			path = ItemCell;
			sourceTree = "<group>";
		};
		59AF4EF72AE19E1F00B4B8EE /* SectionHeader */ = {
			isa = PBXGroup;
			children = (
				59AF4EF82AE19E6300B4B8EE /* SectionHeaderCollectionReusableView.swift */,
			);
			path = SectionHeader;
			sourceTree = "<group>";
		};
		59BAF3642AE2F31B00772630 /* Order */ = {
			isa = PBXGroup;
			children = (
				59BAF3652AE2F32C00772630 /* View */,
			);
			path = Order;
			sourceTree = "<group>";
		};
		59BAF3652AE2F32C00772630 /* View */ = {
			isa = PBXGroup;
			children = (
				59BAF3662AE2F35B00772630 /* OrderViewController.swift */,
				59BAF3672AE2F35B00772630 /* OrderViewController.xib */,
			);
			path = View;
			sourceTree = "<group>";
		};
		59BAF36A2AE30BC500772630 /* TabBarController */ = {
			isa = PBXGroup;
			children = (
				59BAF36B2AE30BE000772630 /* TabBarController.swift */,
			);
			path = TabBarController;
			sourceTree = "<group>";
		};
		59BAF36D2AE312CB00772630 /* Category */ = {
			isa = PBXGroup;
			children = (
				59BAF36E2AE312E900772630 /* View */,
			);
			path = Category;
			sourceTree = "<group>";
		};
		59BAF36E2AE312E900772630 /* View */ = {
			isa = PBXGroup;
			children = (
				59BAF3702AE3130B00772630 /* CategoryViewController.swift */,
				59BAF3712AE3130B00772630 /* CategoryViewController.xib */,
			);
			path = View;
			sourceTree = "<group>";
		};
		59F4E79B2AE2CACE002A5BFF /* Address */ = {
			isa = PBXGroup;
			children = (
				59F4E79C2AE2CACE002A5BFF /* Components */,
				59F4E7A32AE2CACE002A5BFF /* View */,
			);
			path = Address;
			sourceTree = "<group>";
		};
		59F4E79C2AE2CACE002A5BFF /* Components */ = {
			isa = PBXGroup;
			children = (
				59F4E79D2AE2CACE002A5BFF /* NewAddress */,
				59F4E7A02AE2CACE002A5BFF /* MyAddressCell */,
			);
			path = Components;
			sourceTree = "<group>";
		};
		59F4E79D2AE2CACE002A5BFF /* NewAddress */ = {
			isa = PBXGroup;
			children = (
				59F4E79E2AE2CACE002A5BFF /* NewAddressCell.xib */,
				59F4E79F2AE2CACE002A5BFF /* NewAddressCell.swift */,
			);
			path = NewAddress;
			sourceTree = "<group>";
		};
		59F4E7A02AE2CACE002A5BFF /* MyAddressCell */ = {
			isa = PBXGroup;
			children = (
				59F4E7A12AE2CACE002A5BFF /* MyAddressesCell.swift */,
				59F4E7A22AE2CACE002A5BFF /* MyAddressesCell.xib */,
			);
			path = MyAddressCell;
			sourceTree = "<group>";
		};
		59F4E7A32AE2CACE002A5BFF /* View */ = {
			isa = PBXGroup;
			children = (
				59F4E7A42AE2CACE002A5BFF /* MyAddress */,
				59F4E7A72AE2CACE002A5BFF /* Checkout */,
				59F4E7AA2AE2CACE002A5BFF /* New Group */,
			);
			path = View;
			sourceTree = "<group>";
		};
		59F4E7A42AE2CACE002A5BFF /* MyAddress */ = {
			isa = PBXGroup;
			children = (
				59F4E7A62AE2CACE002A5BFF /* MyAddressesVC.xib */,
				59F4E7A52AE2CACE002A5BFF /* MyAddressesVC.swift */,
			);
			path = MyAddress;
			sourceTree = "<group>";
		};
		59F4E7A72AE2CACE002A5BFF /* Checkout */ = {
			isa = PBXGroup;
			children = (
				59F4E7A82AE2CACE002A5BFF /* CheckoutVC.xib */,
				59F4E7A92AE2CACE002A5BFF /* CheckoutVC.swift */,
			);
			path = Checkout;
			sourceTree = "<group>";
		};
		59F4E7AA2AE2CACE002A5BFF /* New Group */ = {
			isa = PBXGroup;
			children = (
				59F4E7AB2AE2CACE002A5BFF /* CheckoutvViewController.xib */,
			);
			path = "New Group";
			sourceTree = "<group>";
		};
		59F4E7B52AE2CAE0002A5BFF /* Cart */ = {
			isa = PBXGroup;
			children = (
				59F4E7B62AE2CAE0002A5BFF /* Components */,
				59F4E7B92AE2CAE0002A5BFF /* Model */,
				59F4E7BB2AE2CAE0002A5BFF /* View */,
			);
			path = Cart;
			sourceTree = "<group>";
		};
		59F4E7B62AE2CAE0002A5BFF /* Components */ = {
			isa = PBXGroup;
			children = (
				59F4E7B72AE2CAE0002A5BFF /* CartCell.xib */,
				59F4E7B82AE2CAE0002A5BFF /* CartCell.swift */,
			);
			path = Components;
			sourceTree = "<group>";
		};
		59F4E7B92AE2CAE0002A5BFF /* Model */ = {
			isa = PBXGroup;
			children = (
				59F4E7BA2AE2CAE0002A5BFF /* CartModel.swift */,
			);
			path = Model;
			sourceTree = "<group>";
		};
		59F4E7BB2AE2CAE0002A5BFF /* View */ = {
			isa = PBXGroup;
			children = (
				59F4E7BC2AE2CAE0002A5BFF /* CartViewController.swift */,
				59F4E7BD2AE2CAE0002A5BFF /* CartViewController.xib */,
			);
			path = View;
			sourceTree = "<group>";
		};
		CFF90E282096CBA3171563AF /* Frameworks */ = {
			isa = PBXGroup;
			children = (
				F0DD317D9C3B25ACBF11AE94 /* Pods_MagicaVogue.framework */,
				839BA19F4F800ABBCCA9A9D7 /* Pods_MagicaVogue_MagicaVogueUITests.framework */,
				A9E38E074908A5C800E97A3F /* Pods_MagicaVogueTests.framework */,
			);
			name = Frameworks;
			sourceTree = "<group>";
		};
		EEB023412AE1A0DD0069F998 /* PasswordManager */ = {
			isa = PBXGroup;
			children = (
				EEB023422AE1A0F60069F998 /* View */,
			);
			path = PasswordManager;
			sourceTree = "<group>";
		};
		EEB023422AE1A0F60069F998 /* View */ = {
			isa = PBXGroup;
			children = (
				EEB023432AE1A11D0069F998 /* PasswordManagerViewController.swift */,
				EEB023442AE1A11D0069F998 /* PasswordManagerViewController.xib */,
			);
			path = View;
			sourceTree = "<group>";
		};
		EEC3F7342AE05062004D22C1 /* ProductDetails */ = {
			isa = PBXGroup;
			children = (
				EEC3F7352AE0506F004D22C1 /* View */,
			);
			path = ProductDetails;
			sourceTree = "<group>";
		};
		EEC3F7352AE0506F004D22C1 /* View */ = {
			isa = PBXGroup;
			children = (
				EEC3F7362AE05089004D22C1 /* ProductDetailsViewController.swift */,
				EEC3F7372AE05089004D22C1 /* ProductDetailsViewController.xib */,
				EEDE61E62AE11F19006565A5 /* ProductImageCell.swift */,
				EEDE61E72AE11F19006565A5 /* ProductImageCell.xib */,
			);
			path = View;
			sourceTree = "<group>";
		};
		EEE3567D2AE00BB6000B8742 /* Signup */ = {
			isa = PBXGroup;
			children = (
				EEE356822AE01E23000B8742 /* View */,
			);
			path = Signup;
			sourceTree = "<group>";
		};
		EEE356822AE01E23000B8742 /* View */ = {
			isa = PBXGroup;
			children = (
				EEE3567E2AE00C0B000B8742 /* SignupViewController.swift */,
				EEE3567F2AE00C0B000B8742 /* SignupViewController.xib */,
			);
			path = View;
			sourceTree = "<group>";
		};
		EEE356832AE01E5B000B8742 /* Login */ = {
			isa = PBXGroup;
			children = (
				EEE356842AE01E65000B8742 /* View */,
			);
			path = Login;
			sourceTree = "<group>";
		};
		EEE356842AE01E65000B8742 /* View */ = {
			isa = PBXGroup;
			children = (
				EEE356852AE01E8C000B8742 /* LoginViewController.swift */,
				EEE356862AE01E8C000B8742 /* LoginViewController.xib */,
			);
			path = View;
			sourceTree = "<group>";
		};
		EEE3A0B32AE15768009956BC /* Profile */ = {
			isa = PBXGroup;
			children = (
				EEE3A0B42AE15782009956BC /* View */,
			);
			path = Profile;
			sourceTree = "<group>";
		};
		EEE3A0B42AE15782009956BC /* View */ = {
			isa = PBXGroup;
			children = (
				EEE3A0B52AE157BA009956BC /* ProfileViewController.swift */,
				EEE3A0B62AE157BA009956BC /* ProfileViewController.xib */,
				EEE3A0B92AE16593009956BC /* ProfileCell.swift */,
				EEE3A0BA2AE16593009956BC /* ProfileCell.xib */,
			);
			path = View;
			sourceTree = "<group>";
		};
		EEE3A0BD2AE17779009956BC /* Settings */ = {
			isa = PBXGroup;
			children = (
				EEE3A0BE2AE17785009956BC /* View */,
			);
			path = Settings;
			sourceTree = "<group>";
		};
		EEE3A0BE2AE17785009956BC /* View */ = {
			isa = PBXGroup;
			children = (
				EEE3A0BF2AE177B9009956BC /* SettingsTableViewController.swift */,
				EEE3A0C02AE177B9009956BC /* SettingsTableViewController.xib */,
			);
			path = View;
			sourceTree = "<group>";
		};
/* End PBXGroup section */

/* Begin PBXNativeTarget section */
		45A095D52ADFE48E00C297C9 /* MagicaVogue */ = {
			isa = PBXNativeTarget;
			buildConfigurationList = 45A096032ADFE49000C297C9 /* Build configuration list for PBXNativeTarget "MagicaVogue" */;
			buildPhases = (
				789584F3D2E5FF25193E843C /* [CP] Check Pods Manifest.lock */,
				45A095D22ADFE48E00C297C9 /* Sources */,
				45A095D32ADFE48E00C297C9 /* Frameworks */,
				45A095D42ADFE48E00C297C9 /* Resources */,
				3464EAA3D5D794DAD8BB6B3F /* [CP] Embed Pods Frameworks */,
			);
			buildRules = (
			);
			dependencies = (
			);
			name = MagicaVogue;
			productName = MagicaVogue;
			productReference = 45A095D62ADFE48E00C297C9 /* MagicaVogue.app */;
			productType = "com.apple.product-type.application";
		};
		45A095EE2ADFE49000C297C9 /* MagicaVogueTests */ = {
			isa = PBXNativeTarget;
			buildConfigurationList = 45A096062ADFE49000C297C9 /* Build configuration list for PBXNativeTarget "MagicaVogueTests" */;
			buildPhases = (
				1C6711864BBFD6D7DBFE6EB4 /* [CP] Check Pods Manifest.lock */,
				45A095EB2ADFE49000C297C9 /* Sources */,
				45A095EC2ADFE49000C297C9 /* Frameworks */,
				45A095ED2ADFE49000C297C9 /* Resources */,
			);
			buildRules = (
			);
			dependencies = (
				45A095F12ADFE49000C297C9 /* PBXTargetDependency */,
			);
			name = MagicaVogueTests;
			productName = MagicaVogueTests;
			productReference = 45A095EF2ADFE49000C297C9 /* MagicaVogueTests.xctest */;
			productType = "com.apple.product-type.bundle.unit-test";
		};
		45A095F82ADFE49000C297C9 /* MagicaVogueUITests */ = {
			isa = PBXNativeTarget;
			buildConfigurationList = 45A096092ADFE49000C297C9 /* Build configuration list for PBXNativeTarget "MagicaVogueUITests" */;
			buildPhases = (
				FD63C03F72AC8730013B4682 /* [CP] Check Pods Manifest.lock */,
				45A095F52ADFE49000C297C9 /* Sources */,
				45A095F62ADFE49000C297C9 /* Frameworks */,
				45A095F72ADFE49000C297C9 /* Resources */,
				9F8171B27C08683B0894A7C8 /* [CP] Embed Pods Frameworks */,
			);
			buildRules = (
			);
			dependencies = (
				45A095FB2ADFE49000C297C9 /* PBXTargetDependency */,
			);
			name = MagicaVogueUITests;
			productName = MagicaVogueUITests;
			productReference = 45A095F92ADFE49000C297C9 /* MagicaVogueUITests.xctest */;
			productType = "com.apple.product-type.bundle.ui-testing";
		};
/* End PBXNativeTarget section */

/* Begin PBXProject section */
		45A095CE2ADFE48D00C297C9 /* Project object */ = {
			isa = PBXProject;
			attributes = {
				BuildIndependentTargetsInParallel = 1;
				LastSwiftUpdateCheck = 1420;
				LastUpgradeCheck = 1420;
				TargetAttributes = {
					45A095D52ADFE48E00C297C9 = {
						CreatedOnToolsVersion = 14.2;
						LastSwiftMigration = 1500;
					};
					45A095EE2ADFE49000C297C9 = {
						CreatedOnToolsVersion = 14.2;
						TestTargetID = 45A095D52ADFE48E00C297C9;
					};
					45A095F82ADFE49000C297C9 = {
						CreatedOnToolsVersion = 14.2;
						TestTargetID = 45A095D52ADFE48E00C297C9;
					};
				};
			};
			buildConfigurationList = 45A095D12ADFE48D00C297C9 /* Build configuration list for PBXProject "MagicaVogue" */;
			compatibilityVersion = "Xcode 14.0";
			developmentRegion = en;
			hasScannedForEncodings = 0;
			knownRegions = (
				en,
				Base,
			);
			mainGroup = 45A095CD2ADFE48D00C297C9;
			productRefGroup = 45A095D72ADFE48E00C297C9 /* Products */;
			projectDirPath = "";
			projectRoot = "";
			targets = (
				45A095D52ADFE48E00C297C9 /* MagicaVogue */,
				45A095EE2ADFE49000C297C9 /* MagicaVogueTests */,
				45A095F82ADFE49000C297C9 /* MagicaVogueUITests */,
			);
		};
/* End PBXProject section */

/* Begin PBXResourcesBuildPhase section */
		45A095D42ADFE48E00C297C9 /* Resources */ = {
			isa = PBXResourcesBuildPhase;
			buildActionMask = 2147483647;
			files = (
				59F4E7AF2AE2CACE002A5BFF /* MyAddressesCell.xib in Resources */,
				5906E0C62AE3C44E003A456C /* WishListViewController.xib in Resources */,
				59AF4EF02AE122C100B4B8EE /* SubCategoryCell.xib in Resources */,
				45ECE7B82AE3058D00488682 /* SuccessViewController.xib in Resources */,
				59F4E7B12AE2CACE002A5BFF /* MyAddressesVC.xib in Resources */,
				59AF4EEC2AE1212700B4B8EE /* MainCategoryCell.xib in Resources */,
				5947D93C2AE0177C0005E94C /* CouponCell.xib in Resources */,
				5947D9412AE01DC60005E94C /* BrandCell.xib in Resources */,
				45A095E92ADFE48F00C297C9 /* LaunchScreen.storyboard in Resources */,
				59BAF3692AE2F35B00772630 /* OrderViewController.xib in Resources */,
				59F4E7C22AE2CAE0002A5BFF /* CartViewController.xib in Resources */,
				45E347122AE479FE00DD679B /* ShippingDetailsVC.xib in Resources */,
				45A095E62ADFE48F00C297C9 /* Assets.xcassets in Resources */,
				45ECE7B32AE2F3EE00488682 /* PaymentCell.xib in Resources */,
				59AF4EE82AE11DC900B4B8EE /* ItemCell.xib in Resources */,
				59F4E7AC2AE2CACE002A5BFF /* NewAddressCell.xib in Resources */,
				45A095E12ADFE48E00C297C9 /* Main.storyboard in Resources */,
				45EADB942AE2845600943BE7 /* CopounsViewController.xib in Resources */,
				59AF4EF42AE12D9400B4B8EE /* BrandViewController.xib in Resources */,
				5947D92F2AE008EC0005E94C /* HomeViewController.xib in Resources */,
				EEE3A0B82AE157BA009956BC /* ProfileViewController.xib in Resources */,
				59F4E7BE2AE2CAE0002A5BFF /* CartCell.xib in Resources */,
				EEDE61E92AE11F19006565A5 /* ProductImageCell.xib in Resources */,
				59F4E7B42AE2CACE002A5BFF /* CheckoutvViewController.xib in Resources */,
				59F4E7B22AE2CACE002A5BFF /* CheckoutVC.xib in Resources */,
				EEE356882AE01E8C000B8742 /* LoginViewController.xib in Resources */,
				45A095E92ADFE48F00C297C9 /* LaunchScreen.storyboard in Resources */,
				45A095E62ADFE48F00C297C9 /* Assets.xcassets in Resources */,
				45ECE7AE2AE2F3B800488682 /* PaymentViewController.xib in Resources */,
				EEB023462AE1A11D0069F998 /* PasswordManagerViewController.xib in Resources */,
				EEE3A0C22AE177B9009956BC /* SettingsTableViewController.xib in Resources */,
				EEE356812AE00C0B000B8742 /* SignupViewController.xib in Resources */,
				EEC3F7392AE05089004D22C1 /* ProductDetailsViewController.xib in Resources */,
				45A095E12ADFE48E00C297C9 /* Main.storyboard in Resources */,
				45F8D3B22AE4F86000F950DE /* PromoCodeCell.xib in Resources */,
				59BAF3732AE3130B00772630 /* CategoryViewController.xib in Resources */,
				EEE3A0BC2AE16593009956BC /* ProfileCell.xib in Resources */,
			);
			runOnlyForDeploymentPostprocessing = 0;
		};
		45A095ED2ADFE49000C297C9 /* Resources */ = {
			isa = PBXResourcesBuildPhase;
			buildActionMask = 2147483647;
			files = (
			);
			runOnlyForDeploymentPostprocessing = 0;
		};
		45A095F72ADFE49000C297C9 /* Resources */ = {
			isa = PBXResourcesBuildPhase;
			buildActionMask = 2147483647;
			files = (
			);
			runOnlyForDeploymentPostprocessing = 0;
		};
/* End PBXResourcesBuildPhase section */

/* Begin PBXShellScriptBuildPhase section */
		1C6711864BBFD6D7DBFE6EB4 /* [CP] Check Pods Manifest.lock */ = {
			isa = PBXShellScriptBuildPhase;
			buildActionMask = 2147483647;
			files = (
			);
			inputFileListPaths = (
			);
			inputPaths = (
				"${PODS_PODFILE_DIR_PATH}/Podfile.lock",
				"${PODS_ROOT}/Manifest.lock",
			);
			name = "[CP] Check Pods Manifest.lock";
			outputFileListPaths = (
			);
			outputPaths = (
				"$(DERIVED_FILE_DIR)/Pods-MagicaVogueTests-checkManifestLockResult.txt",
			);
			runOnlyForDeploymentPostprocessing = 0;
			shellPath = /bin/sh;
			shellScript = "diff \"${PODS_PODFILE_DIR_PATH}/Podfile.lock\" \"${PODS_ROOT}/Manifest.lock\" > /dev/null\nif [ $? != 0 ] ; then\n    # print error to STDERR\n    echo \"error: The sandbox is not in sync with the Podfile.lock. Run 'pod install' or update your CocoaPods installation.\" >&2\n    exit 1\nfi\n# This output is used by Xcode 'outputs' to avoid re-running this script phase.\necho \"SUCCESS\" > \"${SCRIPT_OUTPUT_FILE_0}\"\n";
			showEnvVarsInLog = 0;
		};
		3464EAA3D5D794DAD8BB6B3F /* [CP] Embed Pods Frameworks */ = {
			isa = PBXShellScriptBuildPhase;
			buildActionMask = 2147483647;
			files = (
			);
			inputFileListPaths = (
				"${PODS_ROOT}/Target Support Files/Pods-MagicaVogue/Pods-MagicaVogue-frameworks-${CONFIGURATION}-input-files.xcfilelist",
			);
			name = "[CP] Embed Pods Frameworks";
			outputFileListPaths = (
				"${PODS_ROOT}/Target Support Files/Pods-MagicaVogue/Pods-MagicaVogue-frameworks-${CONFIGURATION}-output-files.xcfilelist",
			);
			runOnlyForDeploymentPostprocessing = 0;
			shellPath = /bin/sh;
			shellScript = "\"${PODS_ROOT}/Target Support Files/Pods-MagicaVogue/Pods-MagicaVogue-frameworks.sh\"\n";
			showEnvVarsInLog = 0;
		};
		789584F3D2E5FF25193E843C /* [CP] Check Pods Manifest.lock */ = {
			isa = PBXShellScriptBuildPhase;
			buildActionMask = 2147483647;
			files = (
			);
			inputFileListPaths = (
			);
			inputPaths = (
				"${PODS_PODFILE_DIR_PATH}/Podfile.lock",
				"${PODS_ROOT}/Manifest.lock",
			);
			name = "[CP] Check Pods Manifest.lock";
			outputFileListPaths = (
			);
			outputPaths = (
				"$(DERIVED_FILE_DIR)/Pods-MagicaVogue-checkManifestLockResult.txt",
			);
			runOnlyForDeploymentPostprocessing = 0;
			shellPath = /bin/sh;
			shellScript = "diff \"${PODS_PODFILE_DIR_PATH}/Podfile.lock\" \"${PODS_ROOT}/Manifest.lock\" > /dev/null\nif [ $? != 0 ] ; then\n    # print error to STDERR\n    echo \"error: The sandbox is not in sync with the Podfile.lock. Run 'pod install' or update your CocoaPods installation.\" >&2\n    exit 1\nfi\n# This output is used by Xcode 'outputs' to avoid re-running this script phase.\necho \"SUCCESS\" > \"${SCRIPT_OUTPUT_FILE_0}\"\n";
			showEnvVarsInLog = 0;
		};
		9F8171B27C08683B0894A7C8 /* [CP] Embed Pods Frameworks */ = {
			isa = PBXShellScriptBuildPhase;
			buildActionMask = 2147483647;
			files = (
			);
			inputFileListPaths = (
				"${PODS_ROOT}/Target Support Files/Pods-MagicaVogue-MagicaVogueUITests/Pods-MagicaVogue-MagicaVogueUITests-frameworks-${CONFIGURATION}-input-files.xcfilelist",
			);
			name = "[CP] Embed Pods Frameworks";
			outputFileListPaths = (
				"${PODS_ROOT}/Target Support Files/Pods-MagicaVogue-MagicaVogueUITests/Pods-MagicaVogue-MagicaVogueUITests-frameworks-${CONFIGURATION}-output-files.xcfilelist",
			);
			runOnlyForDeploymentPostprocessing = 0;
			shellPath = /bin/sh;
			shellScript = "\"${PODS_ROOT}/Target Support Files/Pods-MagicaVogue-MagicaVogueUITests/Pods-MagicaVogue-MagicaVogueUITests-frameworks.sh\"\n";
			showEnvVarsInLog = 0;
		};
		FD63C03F72AC8730013B4682 /* [CP] Check Pods Manifest.lock */ = {
			isa = PBXShellScriptBuildPhase;
			buildActionMask = 2147483647;
			files = (
			);
			inputFileListPaths = (
			);
			inputPaths = (
				"${PODS_PODFILE_DIR_PATH}/Podfile.lock",
				"${PODS_ROOT}/Manifest.lock",
			);
			name = "[CP] Check Pods Manifest.lock";
			outputFileListPaths = (
			);
			outputPaths = (
				"$(DERIVED_FILE_DIR)/Pods-MagicaVogue-MagicaVogueUITests-checkManifestLockResult.txt",
			);
			runOnlyForDeploymentPostprocessing = 0;
			shellPath = /bin/sh;
			shellScript = "diff \"${PODS_PODFILE_DIR_PATH}/Podfile.lock\" \"${PODS_ROOT}/Manifest.lock\" > /dev/null\nif [ $? != 0 ] ; then\n    # print error to STDERR\n    echo \"error: The sandbox is not in sync with the Podfile.lock. Run 'pod install' or update your CocoaPods installation.\" >&2\n    exit 1\nfi\n# This output is used by Xcode 'outputs' to avoid re-running this script phase.\necho \"SUCCESS\" > \"${SCRIPT_OUTPUT_FILE_0}\"\n";
			showEnvVarsInLog = 0;
		};
/* End PBXShellScriptBuildPhase section */

/* Begin PBXSourcesBuildPhase section */
		45A095D22ADFE48E00C297C9 /* Sources */ = {
			isa = PBXSourcesBuildPhase;
			buildActionMask = 2147483647;
			files = (
				59AF4EF32AE12D9400B4B8EE /* BrandViewController.swift in Sources */,
				59AF4EEF2AE122C100B4B8EE /* SubCategoryCell.swift in Sources */,
				5947D92E2AE008EC0005E94C /* HomeViewController.swift in Sources */,
				5947D9312AE016C70005E94C /* HomeViewModel.swift in Sources */,
				59F4E7B02AE2CACE002A5BFF /* MyAddressesVC.swift in Sources */,
				59F4E7C02AE2CAE0002A5BFF /* CartModel.swift in Sources */,
				45A095E42ADFE48E00C297C9 /* MagicaVogue.xcdatamodeld in Sources */,
				45ECE7AD2AE2F3B800488682 /* PaymentViewController.swift in Sources */,
				59F4E7C12AE2CAE0002A5BFF /* CartViewController.swift in Sources */,
				59F4E7B32AE2CACE002A5BFF /* CheckoutVC.swift in Sources */,
				45ECE7B72AE3058D00488682 /* SuccessViewController.swift in Sources */,
				59F4E7BF2AE2CAE0002A5BFF /* CartCell.swift in Sources */,
				59AF4EE72AE11DC900B4B8EE /* ItemCell.swift in Sources */,
				45EADB932AE2845600943BE7 /* CopounsViewController.swift in Sources */,
				45E347152AE47D5A00DD679B /* Inspectables.swift in Sources */,
				EEC3F7382AE05089004D22C1 /* ProductDetailsViewController.swift in Sources */,
				EEE356872AE01E8C000B8742 /* LoginViewController.swift in Sources */,
				EEB023452AE1A11D0069F998 /* PasswordManagerViewController.swift in Sources */,
				EEE3A0B72AE157BA009956BC /* ProfileViewController.swift in Sources */,
				59BAF3722AE3130B00772630 /* CategoryViewController.swift in Sources */,
				EEE3A0BB2AE16593009956BC /* ProfileCell.swift in Sources */,
				45A095E42ADFE48E00C297C9 /* MagicaVogue.xcdatamodeld in Sources */,
				5906E0C52AE3C44E003A456C /* WishListViewController.swift in Sources */,
				59BAF36C2AE30BE000772630 /* TabBarController.swift in Sources */,
				45A095DE2ADFE48E00C297C9 /* ViewController.swift in Sources */,
				EEE356802AE00C0B000B8742 /* SignupViewController.swift in Sources */,
				EEE3A0C12AE177B9009956BC /* SettingsTableViewController.swift in Sources */,
				EEDE61E82AE11F19006565A5 /* ProductImageCell.swift in Sources */,
				45A095DA2ADFE48E00C297C9 /* AppDelegate.swift in Sources */,
				5947D9442AE036BE0005E94C /* UIView + dropShadow.swift in Sources */,
				45ECE7B22AE2F3EE00488682 /* PaymentCell.swift in Sources */,
				5947D9402AE01DC60005E94C /* BrandCell.swift in Sources */,
				45F8D3B12AE4F86000F950DE /* PromoCodeCell.swift in Sources */,
				59BAF3682AE2F35B00772630 /* OrderViewController.swift in Sources */,
				59AF4EF62AE18A8100B4B8EE /* File.swift in Sources */,
				59AF4EEB2AE1212700B4B8EE /* MainCategoryCell.swift in Sources */,
				59AF4EF92AE19E6300B4B8EE /* SectionHeaderCollectionReusableView.swift in Sources */,
				59F4E7AD2AE2CACE002A5BFF /* NewAddressCell.swift in Sources */,
				59F4E7AE2AE2CACE002A5BFF /* MyAddressesCell.swift in Sources */,
				5947D9332AE016E00005E94C /* View.swift in Sources */,
				45A095DC2ADFE48E00C297C9 /* SceneDelegate.swift in Sources */,
				45E347112AE479FE00DD679B /* ShippingDetailsVC.swift in Sources */,
				5947D93B2AE0177C0005E94C /* CouponCell.swift in Sources */,
			);
			runOnlyForDeploymentPostprocessing = 0;
		};
		45A095EB2ADFE49000C297C9 /* Sources */ = {
			isa = PBXSourcesBuildPhase;
			buildActionMask = 2147483647;
			files = (
				45A095F42ADFE49000C297C9 /* MagicaVogueTests.swift in Sources */,
			);
			runOnlyForDeploymentPostprocessing = 0;
		};
		45A095F52ADFE49000C297C9 /* Sources */ = {
			isa = PBXSourcesBuildPhase;
			buildActionMask = 2147483647;
			files = (
				45A095FE2ADFE49000C297C9 /* MagicaVogueUITests.swift in Sources */,
				45A096002ADFE49000C297C9 /* MagicaVogueUITestsLaunchTests.swift in Sources */,
			);
			runOnlyForDeploymentPostprocessing = 0;
		};
/* End PBXSourcesBuildPhase section */

/* Begin PBXTargetDependency section */
		45A095F12ADFE49000C297C9 /* PBXTargetDependency */ = {
			isa = PBXTargetDependency;
			target = 45A095D52ADFE48E00C297C9 /* MagicaVogue */;
			targetProxy = 45A095F02ADFE49000C297C9 /* PBXContainerItemProxy */;
		};
		45A095FB2ADFE49000C297C9 /* PBXTargetDependency */ = {
			isa = PBXTargetDependency;
			target = 45A095D52ADFE48E00C297C9 /* MagicaVogue */;
			targetProxy = 45A095FA2ADFE49000C297C9 /* PBXContainerItemProxy */;
		};
/* End PBXTargetDependency section */

/* Begin PBXVariantGroup section */
		45A095DF2ADFE48E00C297C9 /* Main.storyboard */ = {
			isa = PBXVariantGroup;
			children = (
				45A095E02ADFE48E00C297C9 /* Base */,
			);
			name = Main.storyboard;
			sourceTree = "<group>";
		};
		45A095E72ADFE48F00C297C9 /* LaunchScreen.storyboard */ = {
			isa = PBXVariantGroup;
			children = (
				45A095E82ADFE48F00C297C9 /* Base */,
			);
			name = LaunchScreen.storyboard;
			sourceTree = "<group>";
		};
/* End PBXVariantGroup section */

/* Begin XCBuildConfiguration section */
		45A096012ADFE49000C297C9 /* Debug */ = {
			isa = XCBuildConfiguration;
			buildSettings = {
				ALWAYS_SEARCH_USER_PATHS = NO;
				CLANG_ANALYZER_NONNULL = YES;
				CLANG_ANALYZER_NUMBER_OBJECT_CONVERSION = YES_AGGRESSIVE;
				CLANG_CXX_LANGUAGE_STANDARD = "gnu++20";
				CLANG_ENABLE_MODULES = YES;
				CLANG_ENABLE_OBJC_ARC = YES;
				CLANG_ENABLE_OBJC_WEAK = YES;
				CLANG_WARN_BLOCK_CAPTURE_AUTORELEASING = YES;
				CLANG_WARN_BOOL_CONVERSION = YES;
				CLANG_WARN_COMMA = YES;
				CLANG_WARN_CONSTANT_CONVERSION = YES;
				CLANG_WARN_DEPRECATED_OBJC_IMPLEMENTATIONS = YES;
				CLANG_WARN_DIRECT_OBJC_ISA_USAGE = YES_ERROR;
				CLANG_WARN_DOCUMENTATION_COMMENTS = YES;
				CLANG_WARN_EMPTY_BODY = YES;
				CLANG_WARN_ENUM_CONVERSION = YES;
				CLANG_WARN_INFINITE_RECURSION = YES;
				CLANG_WARN_INT_CONVERSION = YES;
				CLANG_WARN_NON_LITERAL_NULL_CONVERSION = YES;
				CLANG_WARN_OBJC_IMPLICIT_RETAIN_SELF = YES;
				CLANG_WARN_OBJC_LITERAL_CONVERSION = YES;
				CLANG_WARN_OBJC_ROOT_CLASS = YES_ERROR;
				CLANG_WARN_QUOTED_INCLUDE_IN_FRAMEWORK_HEADER = YES;
				CLANG_WARN_RANGE_LOOP_ANALYSIS = YES;
				CLANG_WARN_STRICT_PROTOTYPES = YES;
				CLANG_WARN_SUSPICIOUS_MOVE = YES;
				CLANG_WARN_UNGUARDED_AVAILABILITY = YES_AGGRESSIVE;
				CLANG_WARN_UNREACHABLE_CODE = YES;
				CLANG_WARN__DUPLICATE_METHOD_MATCH = YES;
				COPY_PHASE_STRIP = NO;
				DEBUG_INFORMATION_FORMAT = dwarf;
				ENABLE_STRICT_OBJC_MSGSEND = YES;
				ENABLE_TESTABILITY = YES;
				GCC_C_LANGUAGE_STANDARD = gnu11;
				GCC_DYNAMIC_NO_PIC = NO;
				GCC_NO_COMMON_BLOCKS = YES;
				GCC_OPTIMIZATION_LEVEL = 0;
				GCC_PREPROCESSOR_DEFINITIONS = (
					"DEBUG=1",
					"$(inherited)",
				);
				GCC_WARN_64_TO_32_BIT_CONVERSION = YES;
				GCC_WARN_ABOUT_RETURN_TYPE = YES_ERROR;
				GCC_WARN_UNDECLARED_SELECTOR = YES;
				GCC_WARN_UNINITIALIZED_AUTOS = YES_AGGRESSIVE;
				GCC_WARN_UNUSED_FUNCTION = YES;
				GCC_WARN_UNUSED_VARIABLE = YES;
				IPHONEOS_DEPLOYMENT_TARGET = 16.2;
				MTL_ENABLE_DEBUG_INFO = INCLUDE_SOURCE;
				MTL_FAST_MATH = YES;
				ONLY_ACTIVE_ARCH = YES;
				SDKROOT = iphoneos;
				SWIFT_ACTIVE_COMPILATION_CONDITIONS = DEBUG;
				SWIFT_OPTIMIZATION_LEVEL = "-Onone";
			};
			name = Debug;
		};
		45A096022ADFE49000C297C9 /* Release */ = {
			isa = XCBuildConfiguration;
			buildSettings = {
				ALWAYS_SEARCH_USER_PATHS = NO;
				CLANG_ANALYZER_NONNULL = YES;
				CLANG_ANALYZER_NUMBER_OBJECT_CONVERSION = YES_AGGRESSIVE;
				CLANG_CXX_LANGUAGE_STANDARD = "gnu++20";
				CLANG_ENABLE_MODULES = YES;
				CLANG_ENABLE_OBJC_ARC = YES;
				CLANG_ENABLE_OBJC_WEAK = YES;
				CLANG_WARN_BLOCK_CAPTURE_AUTORELEASING = YES;
				CLANG_WARN_BOOL_CONVERSION = YES;
				CLANG_WARN_COMMA = YES;
				CLANG_WARN_CONSTANT_CONVERSION = YES;
				CLANG_WARN_DEPRECATED_OBJC_IMPLEMENTATIONS = YES;
				CLANG_WARN_DIRECT_OBJC_ISA_USAGE = YES_ERROR;
				CLANG_WARN_DOCUMENTATION_COMMENTS = YES;
				CLANG_WARN_EMPTY_BODY = YES;
				CLANG_WARN_ENUM_CONVERSION = YES;
				CLANG_WARN_INFINITE_RECURSION = YES;
				CLANG_WARN_INT_CONVERSION = YES;
				CLANG_WARN_NON_LITERAL_NULL_CONVERSION = YES;
				CLANG_WARN_OBJC_IMPLICIT_RETAIN_SELF = YES;
				CLANG_WARN_OBJC_LITERAL_CONVERSION = YES;
				CLANG_WARN_OBJC_ROOT_CLASS = YES_ERROR;
				CLANG_WARN_QUOTED_INCLUDE_IN_FRAMEWORK_HEADER = YES;
				CLANG_WARN_RANGE_LOOP_ANALYSIS = YES;
				CLANG_WARN_STRICT_PROTOTYPES = YES;
				CLANG_WARN_SUSPICIOUS_MOVE = YES;
				CLANG_WARN_UNGUARDED_AVAILABILITY = YES_AGGRESSIVE;
				CLANG_WARN_UNREACHABLE_CODE = YES;
				CLANG_WARN__DUPLICATE_METHOD_MATCH = YES;
				COPY_PHASE_STRIP = NO;
				DEBUG_INFORMATION_FORMAT = "dwarf-with-dsym";
				ENABLE_NS_ASSERTIONS = NO;
				ENABLE_STRICT_OBJC_MSGSEND = YES;
				GCC_C_LANGUAGE_STANDARD = gnu11;
				GCC_NO_COMMON_BLOCKS = YES;
				GCC_WARN_64_TO_32_BIT_CONVERSION = YES;
				GCC_WARN_ABOUT_RETURN_TYPE = YES_ERROR;
				GCC_WARN_UNDECLARED_SELECTOR = YES;
				GCC_WARN_UNINITIALIZED_AUTOS = YES_AGGRESSIVE;
				GCC_WARN_UNUSED_FUNCTION = YES;
				GCC_WARN_UNUSED_VARIABLE = YES;
				IPHONEOS_DEPLOYMENT_TARGET = 16.2;
				MTL_ENABLE_DEBUG_INFO = NO;
				MTL_FAST_MATH = YES;
				SDKROOT = iphoneos;
				SWIFT_COMPILATION_MODE = wholemodule;
				SWIFT_OPTIMIZATION_LEVEL = "-O";
				VALIDATE_PRODUCT = YES;
			};
			name = Release;
		};
		45A096042ADFE49000C297C9 /* Debug */ = {
			isa = XCBuildConfiguration;
			baseConfigurationReference = EAB96E910AF4444E5DAF56AB /* Pods-MagicaVogue.debug.xcconfig */;
			buildSettings = {
				ASSETCATALOG_COMPILER_APPICON_NAME = AppIcon;
				ASSETCATALOG_COMPILER_GLOBAL_ACCENT_COLOR_NAME = AccentColor;
				CLANG_ENABLE_MODULES = YES;
				CODE_SIGN_STYLE = Automatic;
				CURRENT_PROJECT_VERSION = 1;
				DEVELOPMENT_TEAM = T96JD555QP;
				GENERATE_INFOPLIST_FILE = YES;
				INFOPLIST_FILE = MagicaVogue/Info.plist;
				INFOPLIST_KEY_UIApplicationSupportsIndirectInputEvents = YES;
				INFOPLIST_KEY_UILaunchStoryboardName = LaunchScreen;
				INFOPLIST_KEY_UIMainStoryboardFile = Main;
				INFOPLIST_KEY_UISupportedInterfaceOrientations_iPad = "UIInterfaceOrientationPortrait UIInterfaceOrientationPortraitUpsideDown UIInterfaceOrientationLandscapeLeft UIInterfaceOrientationLandscapeRight";
				INFOPLIST_KEY_UISupportedInterfaceOrientations_iPhone = "UIInterfaceOrientationPortrait UIInterfaceOrientationLandscapeLeft UIInterfaceOrientationLandscapeRight";
				LD_RUNPATH_SEARCH_PATHS = (
					"$(inherited)",
					"@executable_path/Frameworks",
				);
				MARKETING_VERSION = 1.0;
				PRODUCT_BUNDLE_IDENTIFIER = com.nomadstory.nomadstory.MagicaVogue;
				PRODUCT_NAME = "$(TARGET_NAME)";
				SWIFT_EMIT_LOC_STRINGS = YES;
				SWIFT_OPTIMIZATION_LEVEL = "-Onone";
				SWIFT_VERSION = 5.0;
				TARGETED_DEVICE_FAMILY = "1,2";
			};
			name = Debug;
		};
		45A096052ADFE49000C297C9 /* Release */ = {
			isa = XCBuildConfiguration;
			baseConfigurationReference = 1320A6FDB84575D6D657B06E /* Pods-MagicaVogue.release.xcconfig */;
			buildSettings = {
				ASSETCATALOG_COMPILER_APPICON_NAME = AppIcon;
				ASSETCATALOG_COMPILER_GLOBAL_ACCENT_COLOR_NAME = AccentColor;
				CLANG_ENABLE_MODULES = YES;
				CODE_SIGN_STYLE = Automatic;
				CURRENT_PROJECT_VERSION = 1;
				DEVELOPMENT_TEAM = T96JD555QP;
				GENERATE_INFOPLIST_FILE = YES;
				INFOPLIST_FILE = MagicaVogue/Info.plist;
				INFOPLIST_KEY_UIApplicationSupportsIndirectInputEvents = YES;
				INFOPLIST_KEY_UILaunchStoryboardName = LaunchScreen;
				INFOPLIST_KEY_UIMainStoryboardFile = Main;
				INFOPLIST_KEY_UISupportedInterfaceOrientations_iPad = "UIInterfaceOrientationPortrait UIInterfaceOrientationPortraitUpsideDown UIInterfaceOrientationLandscapeLeft UIInterfaceOrientationLandscapeRight";
				INFOPLIST_KEY_UISupportedInterfaceOrientations_iPhone = "UIInterfaceOrientationPortrait UIInterfaceOrientationLandscapeLeft UIInterfaceOrientationLandscapeRight";
				LD_RUNPATH_SEARCH_PATHS = (
					"$(inherited)",
					"@executable_path/Frameworks",
				);
				MARKETING_VERSION = 1.0;
				PRODUCT_BUNDLE_IDENTIFIER = com.nomadstory.nomadstory.MagicaVogue;
				PRODUCT_NAME = "$(TARGET_NAME)";
				SWIFT_EMIT_LOC_STRINGS = YES;
				SWIFT_VERSION = 5.0;
				TARGETED_DEVICE_FAMILY = "1,2";
			};
			name = Release;
		};
		45A096072ADFE49000C297C9 /* Debug */ = {
			isa = XCBuildConfiguration;
			baseConfigurationReference = 4FD0D2781A9FDC6222418069 /* Pods-MagicaVogueTests.debug.xcconfig */;
			buildSettings = {
				ALWAYS_EMBED_SWIFT_STANDARD_LIBRARIES = YES;
				BUNDLE_LOADER = "$(TEST_HOST)";
				CODE_SIGN_STYLE = Automatic;
				CURRENT_PROJECT_VERSION = 1;
				DEVELOPMENT_TEAM = T96JD555QP;
				GENERATE_INFOPLIST_FILE = YES;
				IPHONEOS_DEPLOYMENT_TARGET = 16.2;
				MARKETING_VERSION = 1.0;
				PRODUCT_BUNDLE_IDENTIFIER = com.nomadstory.nomadstory.MagicaVogueTests;
				PRODUCT_NAME = "$(TARGET_NAME)";
				SWIFT_EMIT_LOC_STRINGS = NO;
				SWIFT_VERSION = 5.0;
				TARGETED_DEVICE_FAMILY = "1,2";
				TEST_HOST = "$(BUILT_PRODUCTS_DIR)/MagicaVogue.app/$(BUNDLE_EXECUTABLE_FOLDER_PATH)/MagicaVogue";
			};
			name = Debug;
		};
		45A096082ADFE49000C297C9 /* Release */ = {
			isa = XCBuildConfiguration;
			baseConfigurationReference = EF196F829F4B10F9706A68C6 /* Pods-MagicaVogueTests.release.xcconfig */;
			buildSettings = {
				ALWAYS_EMBED_SWIFT_STANDARD_LIBRARIES = YES;
				BUNDLE_LOADER = "$(TEST_HOST)";
				CODE_SIGN_STYLE = Automatic;
				CURRENT_PROJECT_VERSION = 1;
				DEVELOPMENT_TEAM = T96JD555QP;
				GENERATE_INFOPLIST_FILE = YES;
				IPHONEOS_DEPLOYMENT_TARGET = 16.2;
				MARKETING_VERSION = 1.0;
				PRODUCT_BUNDLE_IDENTIFIER = com.nomadstory.nomadstory.MagicaVogueTests;
				PRODUCT_NAME = "$(TARGET_NAME)";
				SWIFT_EMIT_LOC_STRINGS = NO;
				SWIFT_VERSION = 5.0;
				TARGETED_DEVICE_FAMILY = "1,2";
				TEST_HOST = "$(BUILT_PRODUCTS_DIR)/MagicaVogue.app/$(BUNDLE_EXECUTABLE_FOLDER_PATH)/MagicaVogue";
			};
			name = Release;
		};
		45A0960A2ADFE49000C297C9 /* Debug */ = {
			isa = XCBuildConfiguration;
			baseConfigurationReference = FBF2989A702E9014EC3F8B68 /* Pods-MagicaVogue-MagicaVogueUITests.debug.xcconfig */;
			buildSettings = {
				ALWAYS_EMBED_SWIFT_STANDARD_LIBRARIES = YES;
				CODE_SIGN_STYLE = Automatic;
				CURRENT_PROJECT_VERSION = 1;
				DEVELOPMENT_TEAM = T96JD555QP;
				GENERATE_INFOPLIST_FILE = YES;
				MARKETING_VERSION = 1.0;
				PRODUCT_BUNDLE_IDENTIFIER = com.nomadstory.nomadstory.MagicaVogueUITests;
				PRODUCT_NAME = "$(TARGET_NAME)";
				SWIFT_EMIT_LOC_STRINGS = NO;
				SWIFT_VERSION = 5.0;
				TARGETED_DEVICE_FAMILY = "1,2";
				TEST_TARGET_NAME = MagicaVogue;
			};
			name = Debug;
		};
		45A0960B2ADFE49000C297C9 /* Release */ = {
			isa = XCBuildConfiguration;
			baseConfigurationReference = DB4A4C6D8D0B902926941E81 /* Pods-MagicaVogue-MagicaVogueUITests.release.xcconfig */;
			buildSettings = {
				ALWAYS_EMBED_SWIFT_STANDARD_LIBRARIES = YES;
				CODE_SIGN_STYLE = Automatic;
				CURRENT_PROJECT_VERSION = 1;
				DEVELOPMENT_TEAM = T96JD555QP;
				GENERATE_INFOPLIST_FILE = YES;
				MARKETING_VERSION = 1.0;
				PRODUCT_BUNDLE_IDENTIFIER = com.nomadstory.nomadstory.MagicaVogueUITests;
				PRODUCT_NAME = "$(TARGET_NAME)";
				SWIFT_EMIT_LOC_STRINGS = NO;
				SWIFT_VERSION = 5.0;
				TARGETED_DEVICE_FAMILY = "1,2";
				TEST_TARGET_NAME = MagicaVogue;
			};
			name = Release;
		};
/* End XCBuildConfiguration section */

/* Begin XCConfigurationList section */
		45A095D12ADFE48D00C297C9 /* Build configuration list for PBXProject "MagicaVogue" */ = {
			isa = XCConfigurationList;
			buildConfigurations = (
				45A096012ADFE49000C297C9 /* Debug */,
				45A096022ADFE49000C297C9 /* Release */,
			);
			defaultConfigurationIsVisible = 0;
			defaultConfigurationName = Release;
		};
		45A096032ADFE49000C297C9 /* Build configuration list for PBXNativeTarget "MagicaVogue" */ = {
			isa = XCConfigurationList;
			buildConfigurations = (
				45A096042ADFE49000C297C9 /* Debug */,
				45A096052ADFE49000C297C9 /* Release */,
			);
			defaultConfigurationIsVisible = 0;
			defaultConfigurationName = Release;
		};
		45A096062ADFE49000C297C9 /* Build configuration list for PBXNativeTarget "MagicaVogueTests" */ = {
			isa = XCConfigurationList;
			buildConfigurations = (
				45A096072ADFE49000C297C9 /* Debug */,
				45A096082ADFE49000C297C9 /* Release */,
			);
			defaultConfigurationIsVisible = 0;
			defaultConfigurationName = Release;
		};
		45A096092ADFE49000C297C9 /* Build configuration list for PBXNativeTarget "MagicaVogueUITests" */ = {
			isa = XCConfigurationList;
			buildConfigurations = (
				45A0960A2ADFE49000C297C9 /* Debug */,
				45A0960B2ADFE49000C297C9 /* Release */,
			);
			defaultConfigurationIsVisible = 0;
			defaultConfigurationName = Release;
		};
/* End XCConfigurationList section */

/* Begin XCVersionGroup section */
		45A095E22ADFE48E00C297C9 /* MagicaVogue.xcdatamodeld */ = {
			isa = XCVersionGroup;
			children = (
				45A095E32ADFE48E00C297C9 /* MagicaVogue.xcdatamodel */,
			);
			currentVersion = 45A095E32ADFE48E00C297C9 /* MagicaVogue.xcdatamodel */;
			path = MagicaVogue.xcdatamodeld;
			sourceTree = "<group>";
			versionGroupType = wrapper.xcdatamodel;
		};
/* End XCVersionGroup section */
	};
	rootObject = 45A095CE2ADFE48D00C297C9 /* Project object */;
}
